// !$*UTF8*$!
{
	archiveVersion = 1;
	classes = {
	};
	objectVersion = 46;
	objects = {

/* Begin PBXBuildFile section */
		6A698AC21B7E37D800CC9707 /* 1.png in Resources */ = {isa = PBXBuildFile; fileRef = 6A698AC11B7E37D800CC9707 /* 1.png */; };
		6A698AC41B7E49BF00CC9707 /* 2.png in Resources */ = {isa = PBXBuildFile; fileRef = 6A698AC31B7E49BF00CC9707 /* 2.png */; };
		6A698AC71B7E4A9500CC9707 /* MainADScrollVIew.m in Sources */ = {isa = PBXBuildFile; fileRef = 6A698AC61B7E4A9500CC9707 /* MainADScrollVIew.m */; };
		6A698ACC1B7E507400CC9707 /* nongjia.png in Resources */ = {isa = PBXBuildFile; fileRef = 6A698AC81B7E507400CC9707 /* nongjia.png */; };
		6A698ACD1B7E507400CC9707 /* shuiguo.png in Resources */ = {isa = PBXBuildFile; fileRef = 6A698AC91B7E507400CC9707 /* shuiguo.png */; };
		6A698ACE1B7E507400CC9707 /* tuijian.png in Resources */ = {isa = PBXBuildFile; fileRef = 6A698ACA1B7E507400CC9707 /* tuijian.png */; };
		6A698ACF1B7E507400CC9707 /* type.png in Resources */ = {isa = PBXBuildFile; fileRef = 6A698ACB1B7E507400CC9707 /* type.png */; };
		6A698AD21B7E52D300CC9707 /* MainMeunView.m in Sources */ = {isa = PBXBuildFile; fileRef = 6A698AD11B7E52D300CC9707 /* MainMeunView.m */; };
		6A698AD51B7ED1FD00CC9707 /* MainMenuItem.m in Sources */ = {isa = PBXBuildFile; fileRef = 6A698AD41B7ED1FD00CC9707 /* MainMenuItem.m */; };
		6A797A4D1B7ED6FA00222F25 /* tuijian_44.png in Resources */ = {isa = PBXBuildFile; fileRef = 6A797A4C1B7ED6FA00222F25 /* tuijian_44.png */; };
		6AAF5C061B80EB9F00C7F397 /* productBG.png in Resources */ = {isa = PBXBuildFile; fileRef = 6AAF5C051B80EB9F00C7F397 /* productBG.png */; };
		6AAF5C091B80F98F00C7F397 /* ProductListTableViewController.m in Sources */ = {isa = PBXBuildFile; fileRef = 6AAF5C081B80F98F00C7F397 /* ProductListTableViewController.m */; };
		6AAF5C0C1B8107A400C7F397 /* CustomBar.m in Sources */ = {isa = PBXBuildFile; fileRef = 6AAF5C0B1B8107A400C7F397 /* CustomBar.m */; };
		6AAF5C0F1B810CC200C7F397 /* RootViewController.m in Sources */ = {isa = PBXBuildFile; fileRef = 6AAF5C0E1B810CC200C7F397 /* RootViewController.m */; };
		6AAF5C121B81136000C7F397 /* ProductListMenuView.m in Sources */ = {isa = PBXBuildFile; fileRef = 6AAF5C111B81136000C7F397 /* ProductListMenuView.m */; };
		6AB296B91B7CAEE3002F1D16 /* main.m in Sources */ = {isa = PBXBuildFile; fileRef = 6AB296B81B7CAEE3002F1D16 /* main.m */; };
		6AB296BC1B7CAEE3002F1D16 /* AppDelegate.m in Sources */ = {isa = PBXBuildFile; fileRef = 6AB296BB1B7CAEE3002F1D16 /* AppDelegate.m */; };
		6AB296C41B7CAEE3002F1D16 /* Images.xcassets in Resources */ = {isa = PBXBuildFile; fileRef = 6AB296C31B7CAEE3002F1D16 /* Images.xcassets */; };
		6AB296C71B7CAEE3002F1D16 /* LaunchScreen.xib in Resources */ = {isa = PBXBuildFile; fileRef = 6AB296C51B7CAEE3002F1D16 /* LaunchScreen.xib */; };
		6AB296D31B7CAEE3002F1D16 /* StoreTests.m in Sources */ = {isa = PBXBuildFile; fileRef = 6AB296D21B7CAEE3002F1D16 /* StoreTests.m */; };
		6AB296DE1B7CB26E002F1D16 /* StoreMainViewController.m in Sources */ = {isa = PBXBuildFile; fileRef = 6AB296DD1B7CB26E002F1D16 /* StoreMainViewController.m */; };
		6AB296E61B7D00F9002F1D16 /* messageList.png in Resources */ = {isa = PBXBuildFile; fileRef = 6AB296E41B7D00F9002F1D16 /* messageList.png */; };
		6AB296E71B7D00F9002F1D16 /* leftBtn.png in Resources */ = {isa = PBXBuildFile; fileRef = 6AB296E51B7D00F9002F1D16 /* leftBtn.png */; };
		6AFDF01E1B7EE15300CC96FF /* TopProductsView.m in Sources */ = {isa = PBXBuildFile; fileRef = 6AFDF01D1B7EE15300CC96FF /* TopProductsView.m */; };
		6AFDF0211B7EE98A00CC96FF /* ProductView.m in Sources */ = {isa = PBXBuildFile; fileRef = 6AFDF0201B7EE98A00CC96FF /* ProductView.m */; };
		6AFDF04F1B7EEF9600CC96FF /* MJRefreshAutoFooter.m in Sources */ = {isa = PBXBuildFile; fileRef = 6AFDF0251B7EEF9600CC96FF /* MJRefreshAutoFooter.m */; };
		6AFDF0501B7EEF9600CC96FF /* MJRefreshBackFooter.m in Sources */ = {isa = PBXBuildFile; fileRef = 6AFDF0271B7EEF9600CC96FF /* MJRefreshBackFooter.m */; };
		6AFDF0511B7EEF9600CC96FF /* MJRefreshComponent.m in Sources */ = {isa = PBXBuildFile; fileRef = 6AFDF0291B7EEF9600CC96FF /* MJRefreshComponent.m */; };
		6AFDF0521B7EEF9600CC96FF /* MJRefreshFooter.m in Sources */ = {isa = PBXBuildFile; fileRef = 6AFDF02B1B7EEF9600CC96FF /* MJRefreshFooter.m */; };
		6AFDF0531B7EEF9600CC96FF /* MJRefreshHeader.m in Sources */ = {isa = PBXBuildFile; fileRef = 6AFDF02D1B7EEF9600CC96FF /* MJRefreshHeader.m */; };
		6AFDF0541B7EEF9600CC96FF /* MJRefreshAutoGifFooter.m in Sources */ = {isa = PBXBuildFile; fileRef = 6AFDF0321B7EEF9600CC96FF /* MJRefreshAutoGifFooter.m */; };
		6AFDF0551B7EEF9600CC96FF /* MJRefreshAutoNormalFooter.m in Sources */ = {isa = PBXBuildFile; fileRef = 6AFDF0341B7EEF9600CC96FF /* MJRefreshAutoNormalFooter.m */; };
		6AFDF0561B7EEF9600CC96FF /* MJRefreshAutoStateFooter.m in Sources */ = {isa = PBXBuildFile; fileRef = 6AFDF0361B7EEF9600CC96FF /* MJRefreshAutoStateFooter.m */; };
		6AFDF0571B7EEF9600CC96FF /* MJRefreshBackGifFooter.m in Sources */ = {isa = PBXBuildFile; fileRef = 6AFDF0391B7EEF9600CC96FF /* MJRefreshBackGifFooter.m */; };
		6AFDF0581B7EEF9600CC96FF /* MJRefreshBackNormalFooter.m in Sources */ = {isa = PBXBuildFile; fileRef = 6AFDF03B1B7EEF9600CC96FF /* MJRefreshBackNormalFooter.m */; };
		6AFDF0591B7EEF9600CC96FF /* MJRefreshBackStateFooter.m in Sources */ = {isa = PBXBuildFile; fileRef = 6AFDF03D1B7EEF9600CC96FF /* MJRefreshBackStateFooter.m */; };
		6AFDF05A1B7EEF9600CC96FF /* MJRefreshGifHeader.m in Sources */ = {isa = PBXBuildFile; fileRef = 6AFDF0401B7EEF9600CC96FF /* MJRefreshGifHeader.m */; };
		6AFDF05B1B7EEF9600CC96FF /* MJRefreshNormalHeader.m in Sources */ = {isa = PBXBuildFile; fileRef = 6AFDF0421B7EEF9600CC96FF /* MJRefreshNormalHeader.m */; };
		6AFDF05C1B7EEF9600CC96FF /* MJRefreshStateHeader.m in Sources */ = {isa = PBXBuildFile; fileRef = 6AFDF0441B7EEF9600CC96FF /* MJRefreshStateHeader.m */; };
		6AFDF05D1B7EEF9600CC96FF /* MJRefresh.bundle in Resources */ = {isa = PBXBuildFile; fileRef = 6AFDF0451B7EEF9600CC96FF /* MJRefresh.bundle */; };
		6AFDF05E1B7EEF9600CC96FF /* MJRefreshConst.m in Sources */ = {isa = PBXBuildFile; fileRef = 6AFDF0481B7EEF9600CC96FF /* MJRefreshConst.m */; };
		6AFDF05F1B7EEF9600CC96FF /* UIScrollView+MJExtension.m in Sources */ = {isa = PBXBuildFile; fileRef = 6AFDF04A1B7EEF9600CC96FF /* UIScrollView+MJExtension.m */; };
		6AFDF0601B7EEF9600CC96FF /* UIScrollView+MJRefresh.m in Sources */ = {isa = PBXBuildFile; fileRef = 6AFDF04C1B7EEF9600CC96FF /* UIScrollView+MJRefresh.m */; };
		6AFDF0611B7EEF9600CC96FF /* UIView+MJExtension.m in Sources */ = {isa = PBXBuildFile; fileRef = 6AFDF04E1B7EEF9600CC96FF /* UIView+MJExtension.m */; };
		6AFDF0641B7F0C3B00CC96FF /* Store_Products_Model.m in Sources */ = {isa = PBXBuildFile; fileRef = 6AFDF0631B7F0C3B00CC96FF /* Store_Products_Model.m */; };
		6AFDF0661B7F17C400CC96FF /* product1.png in Resources */ = {isa = PBXBuildFile; fileRef = 6AFDF0651B7F17C400CC96FF /* product1.png */; };
		6AFDF0681B7F364100CC96FF /* product2.png in Resources */ = {isa = PBXBuildFile; fileRef = 6AFDF0671B7F364100CC96FF /* product2.png */; };
		6AFDF0721B80D25800CC96FF /* MainProductCell.m in Sources */ = {isa = PBXBuildFile; fileRef = 6AFDF0701B80D25800CC96FF /* MainProductCell.m */; };
/* End PBXBuildFile section */

/* Begin PBXContainerItemProxy section */
		6AB296CD1B7CAEE3002F1D16 /* PBXContainerItemProxy */ = {
			isa = PBXContainerItemProxy;
			containerPortal = 6AB296AB1B7CAEE3002F1D16 /* Project object */;
			proxyType = 1;
			remoteGlobalIDString = 6AB296B21B7CAEE3002F1D16;
			remoteInfo = Store;
		};
/* End PBXContainerItemProxy section */

/* Begin PBXFileReference section */
		6A698AC11B7E37D800CC9707 /* 1.png */ = {isa = PBXFileReference; lastKnownFileType = image.png; path = 1.png; sourceTree = "<group>"; };
		6A698AC31B7E49BF00CC9707 /* 2.png */ = {isa = PBXFileReference; lastKnownFileType = image.png; path = 2.png; sourceTree = "<group>"; };
		6A698AC51B7E4A9500CC9707 /* MainADScrollVIew.h */ = {isa = PBXFileReference; fileEncoding = 4; lastKnownFileType = sourcecode.c.h; path = MainADScrollVIew.h; sourceTree = "<group>"; };
		6A698AC61B7E4A9500CC9707 /* MainADScrollVIew.m */ = {isa = PBXFileReference; fileEncoding = 4; lastKnownFileType = sourcecode.c.objc; path = MainADScrollVIew.m; sourceTree = "<group>"; };
		6A698AC81B7E507400CC9707 /* nongjia.png */ = {isa = PBXFileReference; lastKnownFileType = image.png; path = nongjia.png; sourceTree = "<group>"; };
		6A698AC91B7E507400CC9707 /* shuiguo.png */ = {isa = PBXFileReference; lastKnownFileType = image.png; path = shuiguo.png; sourceTree = "<group>"; };
		6A698ACA1B7E507400CC9707 /* tuijian.png */ = {isa = PBXFileReference; lastKnownFileType = image.png; path = tuijian.png; sourceTree = "<group>"; };
		6A698ACB1B7E507400CC9707 /* type.png */ = {isa = PBXFileReference; lastKnownFileType = image.png; path = type.png; sourceTree = "<group>"; };
		6A698AD01B7E52D300CC9707 /* MainMeunView.h */ = {isa = PBXFileReference; fileEncoding = 4; lastKnownFileType = sourcecode.c.h; path = MainMeunView.h; sourceTree = "<group>"; };
		6A698AD11B7E52D300CC9707 /* MainMeunView.m */ = {isa = PBXFileReference; fileEncoding = 4; lastKnownFileType = sourcecode.c.objc; path = MainMeunView.m; sourceTree = "<group>"; };
		6A698AD31B7ED1FD00CC9707 /* MainMenuItem.h */ = {isa = PBXFileReference; fileEncoding = 4; lastKnownFileType = sourcecode.c.h; path = MainMenuItem.h; sourceTree = "<group>"; };
		6A698AD41B7ED1FD00CC9707 /* MainMenuItem.m */ = {isa = PBXFileReference; fileEncoding = 4; lastKnownFileType = sourcecode.c.objc; path = MainMenuItem.m; sourceTree = "<group>"; };
		6A797A4C1B7ED6FA00222F25 /* tuijian_44.png */ = {isa = PBXFileReference; lastKnownFileType = image.png; path = tuijian_44.png; sourceTree = "<group>"; };
		6AAF5C051B80EB9F00C7F397 /* productBG.png */ = {isa = PBXFileReference; lastKnownFileType = image.png; name = productBG.png; path = MJRefresh/productBG.png; sourceTree = "<group>"; };
		6AAF5C071B80F98F00C7F397 /* ProductListTableViewController.h */ = {isa = PBXFileReference; fileEncoding = 4; lastKnownFileType = sourcecode.c.h; path = ProductListTableViewController.h; sourceTree = "<group>"; };
		6AAF5C081B80F98F00C7F397 /* ProductListTableViewController.m */ = {isa = PBXFileReference; fileEncoding = 4; lastKnownFileType = sourcecode.c.objc; path = ProductListTableViewController.m; sourceTree = "<group>"; };
		6AAF5C0A1B8107A400C7F397 /* CustomBar.h */ = {isa = PBXFileReference; fileEncoding = 4; lastKnownFileType = sourcecode.c.h; path = CustomBar.h; sourceTree = "<group>"; };
		6AAF5C0B1B8107A400C7F397 /* CustomBar.m */ = {isa = PBXFileReference; fileEncoding = 4; lastKnownFileType = sourcecode.c.objc; path = CustomBar.m; sourceTree = "<group>"; };
		6AAF5C0D1B810CC200C7F397 /* RootViewController.h */ = {isa = PBXFileReference; fileEncoding = 4; lastKnownFileType = sourcecode.c.h; path = RootViewController.h; sourceTree = "<group>"; };
		6AAF5C0E1B810CC200C7F397 /* RootViewController.m */ = {isa = PBXFileReference; fileEncoding = 4; lastKnownFileType = sourcecode.c.objc; path = RootViewController.m; sourceTree = "<group>"; };
		6AAF5C101B81136000C7F397 /* ProductListMenuView.h */ = {isa = PBXFileReference; fileEncoding = 4; lastKnownFileType = sourcecode.c.h; path = ProductListMenuView.h; sourceTree = "<group>"; };
		6AAF5C111B81136000C7F397 /* ProductListMenuView.m */ = {isa = PBXFileReference; fileEncoding = 4; lastKnownFileType = sourcecode.c.objc; path = ProductListMenuView.m; sourceTree = "<group>"; };
		6AB296B31B7CAEE3002F1D16 /* Store.app */ = {isa = PBXFileReference; explicitFileType = wrapper.application; includeInIndex = 0; path = Store.app; sourceTree = BUILT_PRODUCTS_DIR; };
		6AB296B71B7CAEE3002F1D16 /* Info.plist */ = {isa = PBXFileReference; lastKnownFileType = text.plist.xml; path = Info.plist; sourceTree = "<group>"; };
		6AB296B81B7CAEE3002F1D16 /* main.m */ = {isa = PBXFileReference; lastKnownFileType = sourcecode.c.objc; path = main.m; sourceTree = "<group>"; };
		6AB296BA1B7CAEE3002F1D16 /* AppDelegate.h */ = {isa = PBXFileReference; lastKnownFileType = sourcecode.c.h; path = AppDelegate.h; sourceTree = "<group>"; };
		6AB296BB1B7CAEE3002F1D16 /* AppDelegate.m */ = {isa = PBXFileReference; lastKnownFileType = sourcecode.c.objc; path = AppDelegate.m; sourceTree = "<group>"; };
		6AB296C31B7CAEE3002F1D16 /* Images.xcassets */ = {isa = PBXFileReference; lastKnownFileType = folder.assetcatalog; path = Images.xcassets; sourceTree = "<group>"; };
		6AB296C61B7CAEE3002F1D16 /* Base */ = {isa = PBXFileReference; lastKnownFileType = file.xib; name = Base; path = Base.lproj/LaunchScreen.xib; sourceTree = "<group>"; };
		6AB296CC1B7CAEE3002F1D16 /* StoreTests.xctest */ = {isa = PBXFileReference; explicitFileType = wrapper.cfbundle; includeInIndex = 0; path = StoreTests.xctest; sourceTree = BUILT_PRODUCTS_DIR; };
		6AB296D11B7CAEE3002F1D16 /* Info.plist */ = {isa = PBXFileReference; lastKnownFileType = text.plist.xml; path = Info.plist; sourceTree = "<group>"; };
		6AB296D21B7CAEE3002F1D16 /* StoreTests.m */ = {isa = PBXFileReference; lastKnownFileType = sourcecode.c.objc; path = StoreTests.m; sourceTree = "<group>"; };
		6AB296DC1B7CB26E002F1D16 /* StoreMainViewController.h */ = {isa = PBXFileReference; fileEncoding = 4; lastKnownFileType = sourcecode.c.h; path = StoreMainViewController.h; sourceTree = "<group>"; };
		6AB296DD1B7CB26E002F1D16 /* StoreMainViewController.m */ = {isa = PBXFileReference; fileEncoding = 4; lastKnownFileType = sourcecode.c.objc; path = StoreMainViewController.m; sourceTree = "<group>"; };
		6AB296E41B7D00F9002F1D16 /* messageList.png */ = {isa = PBXFileReference; lastKnownFileType = image.png; path = messageList.png; sourceTree = "<group>"; };
		6AB296E51B7D00F9002F1D16 /* leftBtn.png */ = {isa = PBXFileReference; lastKnownFileType = image.png; path = leftBtn.png; sourceTree = "<group>"; };
		6AFDF01C1B7EE15300CC96FF /* TopProductsView.h */ = {isa = PBXFileReference; fileEncoding = 4; lastKnownFileType = sourcecode.c.h; path = TopProductsView.h; sourceTree = "<group>"; };
		6AFDF01D1B7EE15300CC96FF /* TopProductsView.m */ = {isa = PBXFileReference; fileEncoding = 4; lastKnownFileType = sourcecode.c.objc; path = TopProductsView.m; sourceTree = "<group>"; };
		6AFDF01F1B7EE98A00CC96FF /* ProductView.h */ = {isa = PBXFileReference; fileEncoding = 4; lastKnownFileType = sourcecode.c.h; path = ProductView.h; sourceTree = "<group>"; };
		6AFDF0201B7EE98A00CC96FF /* ProductView.m */ = {isa = PBXFileReference; fileEncoding = 4; lastKnownFileType = sourcecode.c.objc; path = ProductView.m; sourceTree = "<group>"; };
		6AFDF0241B7EEF9600CC96FF /* MJRefreshAutoFooter.h */ = {isa = PBXFileReference; fileEncoding = 4; lastKnownFileType = sourcecode.c.h; path = MJRefreshAutoFooter.h; sourceTree = "<group>"; };
		6AFDF0251B7EEF9600CC96FF /* MJRefreshAutoFooter.m */ = {isa = PBXFileReference; fileEncoding = 4; lastKnownFileType = sourcecode.c.objc; path = MJRefreshAutoFooter.m; sourceTree = "<group>"; };
		6AFDF0261B7EEF9600CC96FF /* MJRefreshBackFooter.h */ = {isa = PBXFileReference; fileEncoding = 4; lastKnownFileType = sourcecode.c.h; path = MJRefreshBackFooter.h; sourceTree = "<group>"; };
		6AFDF0271B7EEF9600CC96FF /* MJRefreshBackFooter.m */ = {isa = PBXFileReference; fileEncoding = 4; lastKnownFileType = sourcecode.c.objc; path = MJRefreshBackFooter.m; sourceTree = "<group>"; };
		6AFDF0281B7EEF9600CC96FF /* MJRefreshComponent.h */ = {isa = PBXFileReference; fileEncoding = 4; lastKnownFileType = sourcecode.c.h; path = MJRefreshComponent.h; sourceTree = "<group>"; };
		6AFDF0291B7EEF9600CC96FF /* MJRefreshComponent.m */ = {isa = PBXFileReference; fileEncoding = 4; lastKnownFileType = sourcecode.c.objc; path = MJRefreshComponent.m; sourceTree = "<group>"; };
		6AFDF02A1B7EEF9600CC96FF /* MJRefreshFooter.h */ = {isa = PBXFileReference; fileEncoding = 4; lastKnownFileType = sourcecode.c.h; path = MJRefreshFooter.h; sourceTree = "<group>"; };
		6AFDF02B1B7EEF9600CC96FF /* MJRefreshFooter.m */ = {isa = PBXFileReference; fileEncoding = 4; lastKnownFileType = sourcecode.c.objc; path = MJRefreshFooter.m; sourceTree = "<group>"; };
		6AFDF02C1B7EEF9600CC96FF /* MJRefreshHeader.h */ = {isa = PBXFileReference; fileEncoding = 4; lastKnownFileType = sourcecode.c.h; path = MJRefreshHeader.h; sourceTree = "<group>"; };
		6AFDF02D1B7EEF9600CC96FF /* MJRefreshHeader.m */ = {isa = PBXFileReference; fileEncoding = 4; lastKnownFileType = sourcecode.c.objc; path = MJRefreshHeader.m; sourceTree = "<group>"; };
		6AFDF0311B7EEF9600CC96FF /* MJRefreshAutoGifFooter.h */ = {isa = PBXFileReference; fileEncoding = 4; lastKnownFileType = sourcecode.c.h; path = MJRefreshAutoGifFooter.h; sourceTree = "<group>"; };
		6AFDF0321B7EEF9600CC96FF /* MJRefreshAutoGifFooter.m */ = {isa = PBXFileReference; fileEncoding = 4; lastKnownFileType = sourcecode.c.objc; path = MJRefreshAutoGifFooter.m; sourceTree = "<group>"; };
		6AFDF0331B7EEF9600CC96FF /* MJRefreshAutoNormalFooter.h */ = {isa = PBXFileReference; fileEncoding = 4; lastKnownFileType = sourcecode.c.h; path = MJRefreshAutoNormalFooter.h; sourceTree = "<group>"; };
		6AFDF0341B7EEF9600CC96FF /* MJRefreshAutoNormalFooter.m */ = {isa = PBXFileReference; fileEncoding = 4; lastKnownFileType = sourcecode.c.objc; path = MJRefreshAutoNormalFooter.m; sourceTree = "<group>"; };
		6AFDF0351B7EEF9600CC96FF /* MJRefreshAutoStateFooter.h */ = {isa = PBXFileReference; fileEncoding = 4; lastKnownFileType = sourcecode.c.h; path = MJRefreshAutoStateFooter.h; sourceTree = "<group>"; };
		6AFDF0361B7EEF9600CC96FF /* MJRefreshAutoStateFooter.m */ = {isa = PBXFileReference; fileEncoding = 4; lastKnownFileType = sourcecode.c.objc; path = MJRefreshAutoStateFooter.m; sourceTree = "<group>"; };
		6AFDF0381B7EEF9600CC96FF /* MJRefreshBackGifFooter.h */ = {isa = PBXFileReference; fileEncoding = 4; lastKnownFileType = sourcecode.c.h; path = MJRefreshBackGifFooter.h; sourceTree = "<group>"; };
		6AFDF0391B7EEF9600CC96FF /* MJRefreshBackGifFooter.m */ = {isa = PBXFileReference; fileEncoding = 4; lastKnownFileType = sourcecode.c.objc; path = MJRefreshBackGifFooter.m; sourceTree = "<group>"; };
		6AFDF03A1B7EEF9600CC96FF /* MJRefreshBackNormalFooter.h */ = {isa = PBXFileReference; fileEncoding = 4; lastKnownFileType = sourcecode.c.h; path = MJRefreshBackNormalFooter.h; sourceTree = "<group>"; };
		6AFDF03B1B7EEF9600CC96FF /* MJRefreshBackNormalFooter.m */ = {isa = PBXFileReference; fileEncoding = 4; lastKnownFileType = sourcecode.c.objc; path = MJRefreshBackNormalFooter.m; sourceTree = "<group>"; };
		6AFDF03C1B7EEF9600CC96FF /* MJRefreshBackStateFooter.h */ = {isa = PBXFileReference; fileEncoding = 4; lastKnownFileType = sourcecode.c.h; path = MJRefreshBackStateFooter.h; sourceTree = "<group>"; };
		6AFDF03D1B7EEF9600CC96FF /* MJRefreshBackStateFooter.m */ = {isa = PBXFileReference; fileEncoding = 4; lastKnownFileType = sourcecode.c.objc; path = MJRefreshBackStateFooter.m; sourceTree = "<group>"; };
		6AFDF03F1B7EEF9600CC96FF /* MJRefreshGifHeader.h */ = {isa = PBXFileReference; fileEncoding = 4; lastKnownFileType = sourcecode.c.h; path = MJRefreshGifHeader.h; sourceTree = "<group>"; };
		6AFDF0401B7EEF9600CC96FF /* MJRefreshGifHeader.m */ = {isa = PBXFileReference; fileEncoding = 4; lastKnownFileType = sourcecode.c.objc; path = MJRefreshGifHeader.m; sourceTree = "<group>"; };
		6AFDF0411B7EEF9600CC96FF /* MJRefreshNormalHeader.h */ = {isa = PBXFileReference; fileEncoding = 4; lastKnownFileType = sourcecode.c.h; path = MJRefreshNormalHeader.h; sourceTree = "<group>"; };
		6AFDF0421B7EEF9600CC96FF /* MJRefreshNormalHeader.m */ = {isa = PBXFileReference; fileEncoding = 4; lastKnownFileType = sourcecode.c.objc; path = MJRefreshNormalHeader.m; sourceTree = "<group>"; };
		6AFDF0431B7EEF9600CC96FF /* MJRefreshStateHeader.h */ = {isa = PBXFileReference; fileEncoding = 4; lastKnownFileType = sourcecode.c.h; path = MJRefreshStateHeader.h; sourceTree = "<group>"; };
		6AFDF0441B7EEF9600CC96FF /* MJRefreshStateHeader.m */ = {isa = PBXFileReference; fileEncoding = 4; lastKnownFileType = sourcecode.c.objc; path = MJRefreshStateHeader.m; sourceTree = "<group>"; };
		6AFDF0451B7EEF9600CC96FF /* MJRefresh.bundle */ = {isa = PBXFileReference; lastKnownFileType = "wrapper.plug-in"; path = MJRefresh.bundle; sourceTree = "<group>"; };
		6AFDF0461B7EEF9600CC96FF /* MJRefresh.h */ = {isa = PBXFileReference; fileEncoding = 4; lastKnownFileType = sourcecode.c.h; path = MJRefresh.h; sourceTree = "<group>"; };
		6AFDF0471B7EEF9600CC96FF /* MJRefreshConst.h */ = {isa = PBXFileReference; fileEncoding = 4; lastKnownFileType = sourcecode.c.h; path = MJRefreshConst.h; sourceTree = "<group>"; };
		6AFDF0481B7EEF9600CC96FF /* MJRefreshConst.m */ = {isa = PBXFileReference; fileEncoding = 4; lastKnownFileType = sourcecode.c.objc; path = MJRefreshConst.m; sourceTree = "<group>"; };
		6AFDF0491B7EEF9600CC96FF /* UIScrollView+MJExtension.h */ = {isa = PBXFileReference; fileEncoding = 4; lastKnownFileType = sourcecode.c.h; path = "UIScrollView+MJExtension.h"; sourceTree = "<group>"; };
		6AFDF04A1B7EEF9600CC96FF /* UIScrollView+MJExtension.m */ = {isa = PBXFileReference; fileEncoding = 4; lastKnownFileType = sourcecode.c.objc; path = "UIScrollView+MJExtension.m"; sourceTree = "<group>"; };
		6AFDF04B1B7EEF9600CC96FF /* UIScrollView+MJRefresh.h */ = {isa = PBXFileReference; fileEncoding = 4; lastKnownFileType = sourcecode.c.h; path = "UIScrollView+MJRefresh.h"; sourceTree = "<group>"; };
		6AFDF04C1B7EEF9600CC96FF /* UIScrollView+MJRefresh.m */ = {isa = PBXFileReference; fileEncoding = 4; lastKnownFileType = sourcecode.c.objc; path = "UIScrollView+MJRefresh.m"; sourceTree = "<group>"; };
		6AFDF04D1B7EEF9600CC96FF /* UIView+MJExtension.h */ = {isa = PBXFileReference; fileEncoding = 4; lastKnownFileType = sourcecode.c.h; path = "UIView+MJExtension.h"; sourceTree = "<group>"; };
		6AFDF04E1B7EEF9600CC96FF /* UIView+MJExtension.m */ = {isa = PBXFileReference; fileEncoding = 4; lastKnownFileType = sourcecode.c.objc; path = "UIView+MJExtension.m"; sourceTree = "<group>"; };
		6AFDF0621B7F0C3B00CC96FF /* Store_Products_Model.h */ = {isa = PBXFileReference; fileEncoding = 4; lastKnownFileType = sourcecode.c.h; path = Store_Products_Model.h; sourceTree = "<group>"; };
		6AFDF0631B7F0C3B00CC96FF /* Store_Products_Model.m */ = {isa = PBXFileReference; fileEncoding = 4; lastKnownFileType = sourcecode.c.objc; path = Store_Products_Model.m; sourceTree = "<group>"; };
		6AFDF0651B7F17C400CC96FF /* product1.png */ = {isa = PBXFileReference; lastKnownFileType = image.png; path = product1.png; sourceTree = "<group>"; };
		6AFDF0671B7F364100CC96FF /* product2.png */ = {isa = PBXFileReference; lastKnownFileType = image.png; path = product2.png; sourceTree = "<group>"; };
		6AFDF06F1B80D25800CC96FF /* MainProductCell.h */ = {isa = PBXFileReference; fileEncoding = 4; lastKnownFileType = sourcecode.c.h; path = MainProductCell.h; sourceTree = "<group>"; };
		6AFDF0701B80D25800CC96FF /* MainProductCell.m */ = {isa = PBXFileReference; fileEncoding = 4; lastKnownFileType = sourcecode.c.objc; path = MainProductCell.m; sourceTree = "<group>"; };
/* End PBXFileReference section */

/* Begin PBXFrameworksBuildPhase section */
		6AB296B01B7CAEE3002F1D16 /* Frameworks */ = {
			isa = PBXFrameworksBuildPhase;
			buildActionMask = 2147483647;
			files = (
			);
			runOnlyForDeploymentPostprocessing = 0;
		};
		6AB296C91B7CAEE3002F1D16 /* Frameworks */ = {
			isa = PBXFrameworksBuildPhase;
			buildActionMask = 2147483647;
			files = (
			);
			runOnlyForDeploymentPostprocessing = 0;
		};
/* End PBXFrameworksBuildPhase section */

/* Begin PBXGroup section */
		6AB296AA1B7CAEE3002F1D16 = {
			isa = PBXGroup;
			children = (
				6AB296B51B7CAEE3002F1D16 /* Store */,
				6AB296CF1B7CAEE3002F1D16 /* StoreTests */,
				6AB296B41B7CAEE3002F1D16 /* Products */,
			);
			sourceTree = "<group>";
		};
		6AB296B41B7CAEE3002F1D16 /* Products */ = {
			isa = PBXGroup;
			children = (
				6AB296B31B7CAEE3002F1D16 /* Store.app */,
				6AB296CC1B7CAEE3002F1D16 /* StoreTests.xctest */,
			);
			name = Products;
			sourceTree = "<group>";
		};
		6AB296B51B7CAEE3002F1D16 /* Store */ = {
			isa = PBXGroup;
			children = (
				6AFDF0221B7EEF9600CC96FF /* MJRefresh */,
				6AB296E81B7D00FE002F1D16 /* Resouces */,
				6AB296E11B7CB28E002F1D16 /* Model */,
				6AB296E01B7CB284002F1D16 /* View */,
				6AB296DF1B7CB277002F1D16 /* Controller */,
				6AB296BA1B7CAEE3002F1D16 /* AppDelegate.h */,
				6AB296BB1B7CAEE3002F1D16 /* AppDelegate.m */,
				6AB296C31B7CAEE3002F1D16 /* Images.xcassets */,
				6AB296C51B7CAEE3002F1D16 /* LaunchScreen.xib */,
				6AB296B61B7CAEE3002F1D16 /* Supporting Files */,
			);
			path = Store;
			sourceTree = "<group>";
		};
		6AB296B61B7CAEE3002F1D16 /* Supporting Files */ = {
			isa = PBXGroup;
			children = (
				6AB296B71B7CAEE3002F1D16 /* Info.plist */,
				6AB296B81B7CAEE3002F1D16 /* main.m */,
			);
			name = "Supporting Files";
			sourceTree = "<group>";
		};
		6AB296CF1B7CAEE3002F1D16 /* StoreTests */ = {
			isa = PBXGroup;
			children = (
				6AB296D21B7CAEE3002F1D16 /* StoreTests.m */,
				6AB296D01B7CAEE3002F1D16 /* Supporting Files */,
			);
			path = StoreTests;
			sourceTree = "<group>";
		};
		6AB296D01B7CAEE3002F1D16 /* Supporting Files */ = {
			isa = PBXGroup;
			children = (
				6AB296D11B7CAEE3002F1D16 /* Info.plist */,
			);
			name = "Supporting Files";
			sourceTree = "<group>";
		};
		6AB296DF1B7CB277002F1D16 /* Controller */ = {
			isa = PBXGroup;
			children = (
				6AB296DC1B7CB26E002F1D16 /* StoreMainViewController.h */,
				6AB296DD1B7CB26E002F1D16 /* StoreMainViewController.m */,
				6AAF5C071B80F98F00C7F397 /* ProductListTableViewController.h */,
				6AAF5C081B80F98F00C7F397 /* ProductListTableViewController.m */,
				6AAF5C0D1B810CC200C7F397 /* RootViewController.h */,
				6AAF5C0E1B810CC200C7F397 /* RootViewController.m */,
			);
			name = Controller;
			sourceTree = "<group>";
		};
		6AB296E01B7CB284002F1D16 /* View */ = {
			isa = PBXGroup;
			children = (
				6A698AC51B7E4A9500CC9707 /* MainADScrollVIew.h */,
				6A698AC61B7E4A9500CC9707 /* MainADScrollVIew.m */,
				6A698AD01B7E52D300CC9707 /* MainMeunView.h */,
				6A698AD11B7E52D300CC9707 /* MainMeunView.m */,
				6A698AD31B7ED1FD00CC9707 /* MainMenuItem.h */,
				6A698AD41B7ED1FD00CC9707 /* MainMenuItem.m */,
				6AFDF01C1B7EE15300CC96FF /* TopProductsView.h */,
				6AFDF01D1B7EE15300CC96FF /* TopProductsView.m */,
				6AFDF01F1B7EE98A00CC96FF /* ProductView.h */,
				6AFDF0201B7EE98A00CC96FF /* ProductView.m */,
				6AFDF06F1B80D25800CC96FF /* MainProductCell.h */,
				6AFDF0701B80D25800CC96FF /* MainProductCell.m */,
				6AAF5C0A1B8107A400C7F397 /* CustomBar.h */,
				6AAF5C0B1B8107A400C7F397 /* CustomBar.m */,
				6AAF5C101B81136000C7F397 /* ProductListMenuView.h */,
				6AAF5C111B81136000C7F397 /* ProductListMenuView.m */,
			);
			name = View;
			sourceTree = "<group>";
		};
		6AB296E11B7CB28E002F1D16 /* Model */ = {
			isa = PBXGroup;
			children = (
				6AFDF0621B7F0C3B00CC96FF /* Store_Products_Model.h */,
				6AFDF0631B7F0C3B00CC96FF /* Store_Products_Model.m */,
			);
			name = Model;
			sourceTree = "<group>";
		};
		6AB296E81B7D00FE002F1D16 /* Resouces */ = {
			isa = PBXGroup;
			children = (
				6AAF5C051B80EB9F00C7F397 /* productBG.png */,
				6AFDF0671B7F364100CC96FF /* product2.png */,
				6AFDF0651B7F17C400CC96FF /* product1.png */,
				6A797A4C1B7ED6FA00222F25 /* tuijian_44.png */,
				6A698AC81B7E507400CC9707 /* nongjia.png */,
				6A698AC91B7E507400CC9707 /* shuiguo.png */,
				6A698ACA1B7E507400CC9707 /* tuijian.png */,
				6A698ACB1B7E507400CC9707 /* type.png */,
				6A698AC31B7E49BF00CC9707 /* 2.png */,
				6A698AC11B7E37D800CC9707 /* 1.png */,
				6AB296E41B7D00F9002F1D16 /* messageList.png */,
				6AB296E51B7D00F9002F1D16 /* leftBtn.png */,
			);
			name = Resouces;
			sourceTree = "<group>";
		};
		6AFDF0221B7EEF9600CC96FF /* MJRefresh */ = {
			isa = PBXGroup;
			children = (
				6AFDF0231B7EEF9600CC96FF /* Base */,
				6AFDF02E1B7EEF9600CC96FF /* Custom */,
				6AFDF0451B7EEF9600CC96FF /* MJRefresh.bundle */,
				6AFDF0461B7EEF9600CC96FF /* MJRefresh.h */,
				6AFDF0471B7EEF9600CC96FF /* MJRefreshConst.h */,
				6AFDF0481B7EEF9600CC96FF /* MJRefreshConst.m */,
				6AFDF0491B7EEF9600CC96FF /* UIScrollView+MJExtension.h */,
				6AFDF04A1B7EEF9600CC96FF /* UIScrollView+MJExtension.m */,
				6AFDF04B1B7EEF9600CC96FF /* UIScrollView+MJRefresh.h */,
				6AFDF04C1B7EEF9600CC96FF /* UIScrollView+MJRefresh.m */,
				6AFDF04D1B7EEF9600CC96FF /* UIView+MJExtension.h */,
				6AFDF04E1B7EEF9600CC96FF /* UIView+MJExtension.m */,
			);
			path = MJRefresh;
			sourceTree = "<group>";
		};
		6AFDF0231B7EEF9600CC96FF /* Base */ = {
			isa = PBXGroup;
			children = (
				6AFDF0241B7EEF9600CC96FF /* MJRefreshAutoFooter.h */,
				6AFDF0251B7EEF9600CC96FF /* MJRefreshAutoFooter.m */,
				6AFDF0261B7EEF9600CC96FF /* MJRefreshBackFooter.h */,
				6AFDF0271B7EEF9600CC96FF /* MJRefreshBackFooter.m */,
				6AFDF0281B7EEF9600CC96FF /* MJRefreshComponent.h */,
				6AFDF0291B7EEF9600CC96FF /* MJRefreshComponent.m */,
				6AFDF02A1B7EEF9600CC96FF /* MJRefreshFooter.h */,
				6AFDF02B1B7EEF9600CC96FF /* MJRefreshFooter.m */,
				6AFDF02C1B7EEF9600CC96FF /* MJRefreshHeader.h */,
				6AFDF02D1B7EEF9600CC96FF /* MJRefreshHeader.m */,
			);
			path = Base;
			sourceTree = "<group>";
		};
		6AFDF02E1B7EEF9600CC96FF /* Custom */ = {
			isa = PBXGroup;
			children = (
				6AFDF02F1B7EEF9600CC96FF /* Footer */,
				6AFDF03E1B7EEF9600CC96FF /* Header */,
			);
			path = Custom;
			sourceTree = "<group>";
		};
		6AFDF02F1B7EEF9600CC96FF /* Footer */ = {
			isa = PBXGroup;
			children = (
				6AFDF0301B7EEF9600CC96FF /* Auto */,
				6AFDF0371B7EEF9600CC96FF /* Back */,
			);
			path = Footer;
			sourceTree = "<group>";
		};
		6AFDF0301B7EEF9600CC96FF /* Auto */ = {
			isa = PBXGroup;
			children = (
				6AFDF0311B7EEF9600CC96FF /* MJRefreshAutoGifFooter.h */,
				6AFDF0321B7EEF9600CC96FF /* MJRefreshAutoGifFooter.m */,
				6AFDF0331B7EEF9600CC96FF /* MJRefreshAutoNormalFooter.h */,
				6AFDF0341B7EEF9600CC96FF /* MJRefreshAutoNormalFooter.m */,
				6AFDF0351B7EEF9600CC96FF /* MJRefreshAutoStateFooter.h */,
				6AFDF0361B7EEF9600CC96FF /* MJRefreshAutoStateFooter.m */,
			);
			path = Auto;
			sourceTree = "<group>";
		};
		6AFDF0371B7EEF9600CC96FF /* Back */ = {
			isa = PBXGroup;
			children = (
				6AFDF0381B7EEF9600CC96FF /* MJRefreshBackGifFooter.h */,
				6AFDF0391B7EEF9600CC96FF /* MJRefreshBackGifFooter.m */,
				6AFDF03A1B7EEF9600CC96FF /* MJRefreshBackNormalFooter.h */,
				6AFDF03B1B7EEF9600CC96FF /* MJRefreshBackNormalFooter.m */,
				6AFDF03C1B7EEF9600CC96FF /* MJRefreshBackStateFooter.h */,
				6AFDF03D1B7EEF9600CC96FF /* MJRefreshBackStateFooter.m */,
			);
			path = Back;
			sourceTree = "<group>";
		};
		6AFDF03E1B7EEF9600CC96FF /* Header */ = {
			isa = PBXGroup;
			children = (
				6AFDF03F1B7EEF9600CC96FF /* MJRefreshGifHeader.h */,
				6AFDF0401B7EEF9600CC96FF /* MJRefreshGifHeader.m */,
				6AFDF0411B7EEF9600CC96FF /* MJRefreshNormalHeader.h */,
				6AFDF0421B7EEF9600CC96FF /* MJRefreshNormalHeader.m */,
				6AFDF0431B7EEF9600CC96FF /* MJRefreshStateHeader.h */,
				6AFDF0441B7EEF9600CC96FF /* MJRefreshStateHeader.m */,
			);
			path = Header;
			sourceTree = "<group>";
		};
/* End PBXGroup section */

/* Begin PBXNativeTarget section */
		6AB296B21B7CAEE3002F1D16 /* Store */ = {
			isa = PBXNativeTarget;
			buildConfigurationList = 6AB296D61B7CAEE3002F1D16 /* Build configuration list for PBXNativeTarget "Store" */;
			buildPhases = (
				6AB296AF1B7CAEE3002F1D16 /* Sources */,
				6AB296B01B7CAEE3002F1D16 /* Frameworks */,
				6AB296B11B7CAEE3002F1D16 /* Resources */,
			);
			buildRules = (
			);
			dependencies = (
			);
			name = Store;
			productName = Store;
			productReference = 6AB296B31B7CAEE3002F1D16 /* Store.app */;
			productType = "com.apple.product-type.application";
		};
		6AB296CB1B7CAEE3002F1D16 /* StoreTests */ = {
			isa = PBXNativeTarget;
			buildConfigurationList = 6AB296D91B7CAEE3002F1D16 /* Build configuration list for PBXNativeTarget "StoreTests" */;
			buildPhases = (
				6AB296C81B7CAEE3002F1D16 /* Sources */,
				6AB296C91B7CAEE3002F1D16 /* Frameworks */,
				6AB296CA1B7CAEE3002F1D16 /* Resources */,
			);
			buildRules = (
			);
			dependencies = (
				6AB296CE1B7CAEE3002F1D16 /* PBXTargetDependency */,
			);
			name = StoreTests;
			productName = StoreTests;
			productReference = 6AB296CC1B7CAEE3002F1D16 /* StoreTests.xctest */;
			productType = "com.apple.product-type.bundle.unit-test";
		};
/* End PBXNativeTarget section */

/* Begin PBXProject section */
		6AB296AB1B7CAEE3002F1D16 /* Project object */ = {
			isa = PBXProject;
			attributes = {
				LastUpgradeCheck = 0640;
				ORGANIZATIONNAME = tangmingming;
				TargetAttributes = {
					6AB296B21B7CAEE3002F1D16 = {
						CreatedOnToolsVersion = 6.4;
					};
					6AB296CB1B7CAEE3002F1D16 = {
						CreatedOnToolsVersion = 6.4;
						TestTargetID = 6AB296B21B7CAEE3002F1D16;
					};
				};
			};
			buildConfigurationList = 6AB296AE1B7CAEE3002F1D16 /* Build configuration list for PBXProject "Store" */;
			compatibilityVersion = "Xcode 3.2";
			developmentRegion = English;
			hasScannedForEncodings = 0;
			knownRegions = (
				en,
				Base,
			);
			mainGroup = 6AB296AA1B7CAEE3002F1D16;
			productRefGroup = 6AB296B41B7CAEE3002F1D16 /* Products */;
			projectDirPath = "";
			projectRoot = "";
			targets = (
				6AB296B21B7CAEE3002F1D16 /* Store */,
				6AB296CB1B7CAEE3002F1D16 /* StoreTests */,
			);
		};
/* End PBXProject section */

/* Begin PBXResourcesBuildPhase section */
		6AB296B11B7CAEE3002F1D16 /* Resources */ = {
			isa = PBXResourcesBuildPhase;
			buildActionMask = 2147483647;
			files = (
				6A698AC41B7E49BF00CC9707 /* 2.png in Resources */,
				6A797A4D1B7ED6FA00222F25 /* tuijian_44.png in Resources */,
				6AFDF05D1B7EEF9600CC96FF /* MJRefresh.bundle in Resources */,
				6A698ACF1B7E507400CC9707 /* type.png in Resources */,
				6AB296C71B7CAEE3002F1D16 /* LaunchScreen.xib in Resources */,
				6A698ACD1B7E507400CC9707 /* shuiguo.png in Resources */,
				6AB296E71B7D00F9002F1D16 /* leftBtn.png in Resources */,
				6AB296C41B7CAEE3002F1D16 /* Images.xcassets in Resources */,
				6A698ACC1B7E507400CC9707 /* nongjia.png in Resources */,
				6A698ACE1B7E507400CC9707 /* tuijian.png in Resources */,
				6AB296E61B7D00F9002F1D16 /* messageList.png in Resources */,
				6AFDF0661B7F17C400CC96FF /* product1.png in Resources */,
				6AAF5C061B80EB9F00C7F397 /* productBG.png in Resources */,
				6AFDF0681B7F364100CC96FF /* product2.png in Resources */,
				6A698AC21B7E37D800CC9707 /* 1.png in Resources */,
			);
			runOnlyForDeploymentPostprocessing = 0;
		};
		6AB296CA1B7CAEE3002F1D16 /* Resources */ = {
			isa = PBXResourcesBuildPhase;
			buildActionMask = 2147483647;
			files = (
			);
			runOnlyForDeploymentPostprocessing = 0;
		};
/* End PBXResourcesBuildPhase section */

/* Begin PBXSourcesBuildPhase section */
		6AB296AF1B7CAEE3002F1D16 /* Sources */ = {
			isa = PBXSourcesBuildPhase;
			buildActionMask = 2147483647;
			files = (
				6A698AC71B7E4A9500CC9707 /* MainADScrollVIew.m in Sources */,
				6AFDF0571B7EEF9600CC96FF /* MJRefreshBackGifFooter.m in Sources */,
				6AFDF0541B7EEF9600CC96FF /* MJRefreshAutoGifFooter.m in Sources */,
				6AFDF05B1B7EEF9600CC96FF /* MJRefreshNormalHeader.m in Sources */,
				6AAF5C0C1B8107A400C7F397 /* CustomBar.m in Sources */,
				6AB296BC1B7CAEE3002F1D16 /* AppDelegate.m in Sources */,
				6AB296DE1B7CB26E002F1D16 /* StoreMainViewController.m in Sources */,
				6AFDF0561B7EEF9600CC96FF /* MJRefreshAutoStateFooter.m in Sources */,
				6AAF5C0F1B810CC200C7F397 /* RootViewController.m in Sources */,
				6AFDF05E1B7EEF9600CC96FF /* MJRefreshConst.m in Sources */,
				6A698AD21B7E52D300CC9707 /* MainMeunView.m in Sources */,
				6AFDF0611B7EEF9600CC96FF /* UIView+MJExtension.m in Sources */,
				6AFDF0211B7EE98A00CC96FF /* ProductView.m in Sources */,
				6AFDF05A1B7EEF9600CC96FF /* MJRefreshGifHeader.m in Sources */,
				6AFDF0521B7EEF9600CC96FF /* MJRefreshFooter.m in Sources */,
				6AFDF05F1B7EEF9600CC96FF /* UIScrollView+MJExtension.m in Sources */,
				6AFDF0601B7EEF9600CC96FF /* UIScrollView+MJRefresh.m in Sources */,
				6AFDF0641B7F0C3B00CC96FF /* Store_Products_Model.m in Sources */,
				6AFDF05C1B7EEF9600CC96FF /* MJRefreshStateHeader.m in Sources */,
				6AAF5C091B80F98F00C7F397 /* ProductListTableViewController.m in Sources */,
				6AB296B91B7CAEE3002F1D16 /* main.m in Sources */,
				6AFDF0511B7EEF9600CC96FF /* MJRefreshComponent.m in Sources */,
				6AFDF0591B7EEF9600CC96FF /* MJRefreshBackStateFooter.m in Sources */,
				6AFDF0531B7EEF9600CC96FF /* MJRefreshHeader.m in Sources */,
				6AFDF01E1B7EE15300CC96FF /* TopProductsView.m in Sources */,
				6AFDF0551B7EEF9600CC96FF /* MJRefreshAutoNormalFooter.m in Sources */,
				6AFDF04F1B7EEF9600CC96FF /* MJRefreshAutoFooter.m in Sources */,
				6AFDF0721B80D25800CC96FF /* MainProductCell.m in Sources */,
				6AFDF0581B7EEF9600CC96FF /* MJRefreshBackNormalFooter.m in Sources */,
				6AAF5C121B81136000C7F397 /* ProductListMenuView.m in Sources */,
				6AFDF0501B7EEF9600CC96FF /* MJRefreshBackFooter.m in Sources */,
				6A698AD51B7ED1FD00CC9707 /* MainMenuItem.m in Sources */,
			);
			runOnlyForDeploymentPostprocessing = 0;
		};
		6AB296C81B7CAEE3002F1D16 /* Sources */ = {
			isa = PBXSourcesBuildPhase;
			buildActionMask = 2147483647;
			files = (
				6AB296D31B7CAEE3002F1D16 /* StoreTests.m in Sources */,
			);
			runOnlyForDeploymentPostprocessing = 0;
		};
/* End PBXSourcesBuildPhase section */

/* Begin PBXTargetDependency section */
		6AB296CE1B7CAEE3002F1D16 /* PBXTargetDependency */ = {
			isa = PBXTargetDependency;
			target = 6AB296B21B7CAEE3002F1D16 /* Store */;
			targetProxy = 6AB296CD1B7CAEE3002F1D16 /* PBXContainerItemProxy */;
		};
/* End PBXTargetDependency section */

/* Begin PBXVariantGroup section */
		6AB296C51B7CAEE3002F1D16 /* LaunchScreen.xib */ = {
			isa = PBXVariantGroup;
			children = (
				6AB296C61B7CAEE3002F1D16 /* Base */,
			);
			name = LaunchScreen.xib;
			sourceTree = "<group>";
		};
/* End PBXVariantGroup section */

/* Begin XCBuildConfiguration section */
		6AB296D41B7CAEE3002F1D16 /* Debug */ = {
			isa = XCBuildConfiguration;
			buildSettings = {
				ALWAYS_SEARCH_USER_PATHS = NO;
				CLANG_CXX_LANGUAGE_STANDARD = "gnu++0x";
				CLANG_CXX_LIBRARY = "libc++";
				CLANG_ENABLE_MODULES = YES;
				CLANG_ENABLE_OBJC_ARC = YES;
				CLANG_WARN_BOOL_CONVERSION = YES;
				CLANG_WARN_CONSTANT_CONVERSION = YES;
				CLANG_WARN_DIRECT_OBJC_ISA_USAGE = YES_ERROR;
				CLANG_WARN_EMPTY_BODY = YES;
				CLANG_WARN_ENUM_CONVERSION = YES;
				CLANG_WARN_INT_CONVERSION = YES;
				CLANG_WARN_OBJC_ROOT_CLASS = YES_ERROR;
				CLANG_WARN_UNREACHABLE_CODE = YES;
				CLANG_WARN__DUPLICATE_METHOD_MATCH = YES;
				"CODE_SIGN_IDENTITY[sdk=iphoneos*]" = "iPhone Developer";
				COPY_PHASE_STRIP = NO;
				DEBUG_INFORMATION_FORMAT = "dwarf-with-dsym";
				ENABLE_STRICT_OBJC_MSGSEND = YES;
				GCC_C_LANGUAGE_STANDARD = gnu99;
				GCC_DYNAMIC_NO_PIC = NO;
				GCC_NO_COMMON_BLOCKS = YES;
				GCC_OPTIMIZATION_LEVEL = 0;
				GCC_PREPROCESSOR_DEFINITIONS = (
					"DEBUG=1",
					"$(inherited)",
				);
				GCC_SYMBOLS_PRIVATE_EXTERN = NO;
				GCC_WARN_64_TO_32_BIT_CONVERSION = YES;
				GCC_WARN_ABOUT_RETURN_TYPE = YES_ERROR;
				GCC_WARN_UNDECLARED_SELECTOR = YES;
				GCC_WARN_UNINITIALIZED_AUTOS = YES_AGGRESSIVE;
				GCC_WARN_UNUSED_FUNCTION = YES;
				GCC_WARN_UNUSED_VARIABLE = YES;
				IPHONEOS_DEPLOYMENT_TARGET = 8.4;
				MTL_ENABLE_DEBUG_INFO = YES;
				ONLY_ACTIVE_ARCH = YES;
				SDKROOT = iphoneos;
			};
			name = Debug;
		};
		6AB296D51B7CAEE3002F1D16 /* Release */ = {
			isa = XCBuildConfiguration;
			buildSettings = {
				ALWAYS_SEARCH_USER_PATHS = NO;
				CLANG_CXX_LANGUAGE_STANDARD = "gnu++0x";
				CLANG_CXX_LIBRARY = "libc++";
				CLANG_ENABLE_MODULES = YES;
				CLANG_ENABLE_OBJC_ARC = YES;
				CLANG_WARN_BOOL_CONVERSION = YES;
				CLANG_WARN_CONSTANT_CONVERSION = YES;
				CLANG_WARN_DIRECT_OBJC_ISA_USAGE = YES_ERROR;
				CLANG_WARN_EMPTY_BODY = YES;
				CLANG_WARN_ENUM_CONVERSION = YES;
				CLANG_WARN_INT_CONVERSION = YES;
				CLANG_WARN_OBJC_ROOT_CLASS = YES_ERROR;
				CLANG_WARN_UNREACHABLE_CODE = YES;
				CLANG_WARN__DUPLICATE_METHOD_MATCH = YES;
				"CODE_SIGN_IDENTITY[sdk=iphoneos*]" = "iPhone Developer";
				COPY_PHASE_STRIP = NO;
				DEBUG_INFORMATION_FORMAT = "dwarf-with-dsym";
				ENABLE_NS_ASSERTIONS = NO;
				ENABLE_STRICT_OBJC_MSGSEND = YES;
				GCC_C_LANGUAGE_STANDARD = gnu99;
				GCC_NO_COMMON_BLOCKS = YES;
				GCC_WARN_64_TO_32_BIT_CONVERSION = YES;
				GCC_WARN_ABOUT_RETURN_TYPE = YES_ERROR;
				GCC_WARN_UNDECLARED_SELECTOR = YES;
				GCC_WARN_UNINITIALIZED_AUTOS = YES_AGGRESSIVE;
				GCC_WARN_UNUSED_FUNCTION = YES;
				GCC_WARN_UNUSED_VARIABLE = YES;
				IPHONEOS_DEPLOYMENT_TARGET = 8.4;
				MTL_ENABLE_DEBUG_INFO = NO;
				SDKROOT = iphoneos;
				VALIDATE_PRODUCT = YES;
			};
			name = Release;
		};
		6AB296D71B7CAEE3002F1D16 /* Debug */ = {
			isa = XCBuildConfiguration;
			buildSettings = {
				ASSETCATALOG_COMPILER_APPICON_NAME = AppIcon;
				INFOPLIST_FILE = Store/Info.plist;
				IPHONEOS_DEPLOYMENT_TARGET = 6.0;
				LD_RUNPATH_SEARCH_PATHS = "$(inherited) @executable_path/Frameworks";
				PRODUCT_NAME = "$(TARGET_NAME)";
			};
			name = Debug;
		};
		6AB296D81B7CAEE3002F1D16 /* Release */ = {
			isa = XCBuildConfiguration;
			buildSettings = {
				ASSETCATALOG_COMPILER_APPICON_NAME = AppIcon;
				INFOPLIST_FILE = Store/Info.plist;
				IPHONEOS_DEPLOYMENT_TARGET = 6.0;
				LD_RUNPATH_SEARCH_PATHS = "$(inherited) @executable_path/Frameworks";
				PRODUCT_NAME = "$(TARGET_NAME)";
			};
			name = Release;
		};
		6AB296DA1B7CAEE3002F1D16 /* Debug */ = {
			isa = XCBuildConfiguration;
			buildSettings = {
				BUNDLE_LOADER = "$(TEST_HOST)";
				FRAMEWORK_SEARCH_PATHS = (
					"$(SDKROOT)/Developer/Library/Frameworks",
					"$(inherited)",
				);
				GCC_PREPROCESSOR_DEFINITIONS = (
					"DEBUG=1",
					"$(inherited)",
				);
				INFOPLIST_FILE = StoreTests/Info.plist;
				LD_RUNPATH_SEARCH_PATHS = "$(inherited) @executable_path/Frameworks @loader_path/Frameworks";
				PRODUCT_NAME = "$(TARGET_NAME)";
				TEST_HOST = "$(BUILT_PRODUCTS_DIR)/Store.app/Store";
			};
			name = Debug;
		};
		6AB296DB1B7CAEE3002F1D16 /* Release */ = {
			isa = XCBuildConfiguration;
			buildSettings = {
				BUNDLE_LOADER = "$(TEST_HOST)";
				FRAMEWORK_SEARCH_PATHS = (
					"$(SDKROOT)/Developer/Library/Frameworks",
					"$(inherited)",
				);
				INFOPLIST_FILE = StoreTests/Info.plist;
				LD_RUNPATH_SEARCH_PATHS = "$(inherited) @executable_path/Frameworks @loader_path/Frameworks";
				PRODUCT_NAME = "$(TARGET_NAME)";
				TEST_HOST = "$(BUILT_PRODUCTS_DIR)/Store.app/Store";
			};
			name = Release;
		};
/* End XCBuildConfiguration section */

/* Begin XCConfigurationList section */
		6AB296AE1B7CAEE3002F1D16 /* Build configuration list for PBXProject "Store" */ = {
			isa = XCConfigurationList;
			buildConfigurations = (
				6AB296D41B7CAEE3002F1D16 /* Debug */,
				6AB296D51B7CAEE3002F1D16 /* Release */,
			);
			defaultConfigurationIsVisible = 0;
			defaultConfigurationName = Release;
		};
		6AB296D61B7CAEE3002F1D16 /* Build configuration list for PBXNativeTarget "Store" */ = {
			isa = XCConfigurationList;
			buildConfigurations = (
				6AB296D71B7CAEE3002F1D16 /* Debug */,
				6AB296D81B7CAEE3002F1D16 /* Release */,
			);
			defaultConfigurationIsVisible = 0;
			defaultConfigurationName = Release;
		};
		6AB296D91B7CAEE3002F1D16 /* Build configuration list for PBXNativeTarget "StoreTests" */ = {
			isa = XCConfigurationList;
			buildConfigurations = (
				6AB296DA1B7CAEE3002F1D16 /* Debug */,
				6AB296DB1B7CAEE3002F1D16 /* Release */,
			);
			defaultConfigurationIsVisible = 0;
			defaultConfigurationName = Release;
		};
/* End XCConfigurationList section */
	};
	rootObject = 6AB296AB1B7CAEE3002F1D16 /* Project object */;
}
