// !$*UTF8*$!
{
	archiveVersion = 1;
	classes = {
	};
	objectVersion = 46;
	objects = {

/* Begin PBXBuildFile section */
		6A0357F31B841DD2009E893C /* MJRefreshAutoFooter.m in Sources */ = {isa = PBXBuildFile; fileRef = 6A0357C91B841DD1009E893C /* MJRefreshAutoFooter.m */; };
		6A0357F41B841DD2009E893C /* MJRefreshBackFooter.m in Sources */ = {isa = PBXBuildFile; fileRef = 6A0357CB1B841DD1009E893C /* MJRefreshBackFooter.m */; };
		6A0357F51B841DD2009E893C /* MJRefreshComponent.m in Sources */ = {isa = PBXBuildFile; fileRef = 6A0357CD1B841DD1009E893C /* MJRefreshComponent.m */; };
		6A0357F61B841DD2009E893C /* MJRefreshFooter.m in Sources */ = {isa = PBXBuildFile; fileRef = 6A0357CF1B841DD1009E893C /* MJRefreshFooter.m */; };
		6A0357F71B841DD2009E893C /* MJRefreshHeader.m in Sources */ = {isa = PBXBuildFile; fileRef = 6A0357D11B841DD1009E893C /* MJRefreshHeader.m */; };
		6A0357F81B841DD2009E893C /* MJRefreshAutoGifFooter.m in Sources */ = {isa = PBXBuildFile; fileRef = 6A0357D61B841DD1009E893C /* MJRefreshAutoGifFooter.m */; };
		6A0357F91B841DD2009E893C /* MJRefreshAutoNormalFooter.m in Sources */ = {isa = PBXBuildFile; fileRef = 6A0357D81B841DD1009E893C /* MJRefreshAutoNormalFooter.m */; };
		6A0357FA1B841DD2009E893C /* MJRefreshAutoStateFooter.m in Sources */ = {isa = PBXBuildFile; fileRef = 6A0357DA1B841DD1009E893C /* MJRefreshAutoStateFooter.m */; };
		6A0357FB1B841DD2009E893C /* MJRefreshBackGifFooter.m in Sources */ = {isa = PBXBuildFile; fileRef = 6A0357DD1B841DD1009E893C /* MJRefreshBackGifFooter.m */; };
		6A0357FC1B841DD2009E893C /* MJRefreshBackNormalFooter.m in Sources */ = {isa = PBXBuildFile; fileRef = 6A0357DF1B841DD2009E893C /* MJRefreshBackNormalFooter.m */; };
		6A0357FD1B841DD2009E893C /* MJRefreshBackStateFooter.m in Sources */ = {isa = PBXBuildFile; fileRef = 6A0357E11B841DD2009E893C /* MJRefreshBackStateFooter.m */; };
		6A0357FE1B841DD2009E893C /* MJRefreshGifHeader.m in Sources */ = {isa = PBXBuildFile; fileRef = 6A0357E41B841DD2009E893C /* MJRefreshGifHeader.m */; };
		6A0357FF1B841DD2009E893C /* MJRefreshNormalHeader.m in Sources */ = {isa = PBXBuildFile; fileRef = 6A0357E61B841DD2009E893C /* MJRefreshNormalHeader.m */; };
		6A0358001B841DD2009E893C /* MJRefreshStateHeader.m in Sources */ = {isa = PBXBuildFile; fileRef = 6A0357E81B841DD2009E893C /* MJRefreshStateHeader.m */; };
		6A0358011B841DD2009E893C /* MJRefresh.bundle in Resources */ = {isa = PBXBuildFile; fileRef = 6A0357E91B841DD2009E893C /* MJRefresh.bundle */; };
		6A0358021B841DD2009E893C /* MJRefreshConst.m in Sources */ = {isa = PBXBuildFile; fileRef = 6A0357EC1B841DD2009E893C /* MJRefreshConst.m */; };
		6A0358031B841DD2009E893C /* UIScrollView+MJExtension.m in Sources */ = {isa = PBXBuildFile; fileRef = 6A0357EE1B841DD2009E893C /* UIScrollView+MJExtension.m */; };
		6A0358041B841DD2009E893C /* UIScrollView+MJRefresh.m in Sources */ = {isa = PBXBuildFile; fileRef = 6A0357F01B841DD2009E893C /* UIScrollView+MJRefresh.m */; };
		6A0358051B841DD2009E893C /* UIView+MJExtension.m in Sources */ = {isa = PBXBuildFile; fileRef = 6A0357F21B841DD2009E893C /* UIView+MJExtension.m */; };
		6A0358081B843B61009E893C /* ShopBar.m in Sources */ = {isa = PBXBuildFile; fileRef = 6A0358071B843B61009E893C /* ShopBar.m */; };
		6A03580A1B843DDA009E893C /* productDetailshopCar.png in Resources */ = {isa = PBXBuildFile; fileRef = 6A0358091B843DDA009E893C /* productDetailshopCar.png */; };
		6A03580D1B845C70009E893C /* ShopCarViewController.m in Sources */ = {isa = PBXBuildFile; fileRef = 6A03580C1B845C70009E893C /* ShopCarViewController.m */; };
		6A0358101B845D26009E893C /* ShopCarProductModel.m in Sources */ = {isa = PBXBuildFile; fileRef = 6A03580F1B845D26009E893C /* ShopCarProductModel.m */; };
		6A0358131B846550009E893C /* ShopCarProductCell.m in Sources */ = {isa = PBXBuildFile; fileRef = 6A0358121B846550009E893C /* ShopCarProductCell.m */; };
		6A0358591B8493DB009E893C /* SettlementBar.m in Sources */ = {isa = PBXBuildFile; fileRef = 6A0358581B8493DB009E893C /* SettlementBar.m */; };
		6A286B441B885FB8005512EF /* AddressViewController.m in Sources */ = {isa = PBXBuildFile; fileRef = 6A286B431B885FB8005512EF /* AddressViewController.m */; };
		6A286B4A1B88627A005512EF /* DeliveryTimeViewController.m in Sources */ = {isa = PBXBuildFile; fileRef = 6A286B491B88627A005512EF /* DeliveryTimeViewController.m */; };
		6A286B4D1B886829005512EF /* AddressViewCell.m in Sources */ = {isa = PBXBuildFile; fileRef = 6A286B4C1B886829005512EF /* AddressViewCell.m */; };
		6A286B501B887039005512EF /* StoreAddressModel.m in Sources */ = {isa = PBXBuildFile; fileRef = 6A286B4F1B887039005512EF /* StoreAddressModel.m */; };
		6A286B531B888105005512EF /* ShopCarButton.m in Sources */ = {isa = PBXBuildFile; fileRef = 6A286B521B888105005512EF /* ShopCarButton.m */; };
		6A286B561B888711005512EF /* ProductDetailintroductionViewController.m in Sources */ = {isa = PBXBuildFile; fileRef = 6A286B551B888711005512EF /* ProductDetailintroductionViewController.m */; };
		6A2F6A8B1B8197BF000C882D /* ScreeningView.m in Sources */ = {isa = PBXBuildFile; fileRef = 6A2F6A8A1B8197BF000C882D /* ScreeningView.m */; };
		6A2F6A901B81B1E4000C882D /* SortView.m in Sources */ = {isa = PBXBuildFile; fileRef = 6A2F6A8F1B81B1E4000C882D /* SortView.m */; };
		6A2F6A971B81D8A6000C882D /* ProductListCell.m in Sources */ = {isa = PBXBuildFile; fileRef = 6A2F6A961B81D8A6000C882D /* ProductListCell.m */; };
		6A392FA21B88D78B00309EE3 /* MessageListViewController.m in Sources */ = {isa = PBXBuildFile; fileRef = 6A392FA11B88D78B00309EE3 /* MessageListViewController.m */; };
		6A48522B1B84A9A900C9129C /* IconTitleButton.m in Sources */ = {isa = PBXBuildFile; fileRef = 6A48522A1B84A9A900C9129C /* IconTitleButton.m */; };
		6A624C701B872ABB00963DC4 /* SettlementViewController.m in Sources */ = {isa = PBXBuildFile; fileRef = 6A624C6F1B872ABB00963DC4 /* SettlementViewController.m */; };
		6A624C731B873CE000963DC4 /* SettlementHeadCell.m in Sources */ = {isa = PBXBuildFile; fileRef = 6A624C721B873CE000963DC4 /* SettlementHeadCell.m */; };
		6A624C761B87436600963DC4 /* SettlementProductCell.m in Sources */ = {isa = PBXBuildFile; fileRef = 6A624C751B87436600963DC4 /* SettlementProductCell.m */; };
		6A624C791B8780B800963DC4 /* SettlementConfirmView.m in Sources */ = {isa = PBXBuildFile; fileRef = 6A624C781B8780B800963DC4 /* SettlementConfirmView.m */; };
		6A624CB51B878ABC00963DC4 /* CustomHUD.m in Sources */ = {isa = PBXBuildFile; fileRef = 6A624CB41B878ABC00963DC4 /* CustomHUD.m */; };
		6A698AC41B7E49BF00CC9707 /* ad.png in Resources */ = {isa = PBXBuildFile; fileRef = 6A698AC31B7E49BF00CC9707 /* ad.png */; };
		6A698AC71B7E4A9500CC9707 /* MainADScrollVIew.m in Sources */ = {isa = PBXBuildFile; fileRef = 6A698AC61B7E4A9500CC9707 /* MainADScrollVIew.m */; };
		6A698ACC1B7E507400CC9707 /* nongjia.png in Resources */ = {isa = PBXBuildFile; fileRef = 6A698AC81B7E507400CC9707 /* nongjia.png */; };
		6A698ACD1B7E507400CC9707 /* shuiguo.png in Resources */ = {isa = PBXBuildFile; fileRef = 6A698AC91B7E507400CC9707 /* shuiguo.png */; };
		6A698ACE1B7E507400CC9707 /* tuijian.png in Resources */ = {isa = PBXBuildFile; fileRef = 6A698ACA1B7E507400CC9707 /* tuijian.png */; };
		6A698ACF1B7E507400CC9707 /* type.png in Resources */ = {isa = PBXBuildFile; fileRef = 6A698ACB1B7E507400CC9707 /* type.png */; };
		6A698AD21B7E52D300CC9707 /* MainMeunView.m in Sources */ = {isa = PBXBuildFile; fileRef = 6A698AD11B7E52D300CC9707 /* MainMeunView.m */; };
		6A698AD51B7ED1FD00CC9707 /* MainMenuItem.m in Sources */ = {isa = PBXBuildFile; fileRef = 6A698AD41B7ED1FD00CC9707 /* MainMenuItem.m */; };
		6A74939A1B83749A0021C85B /* default-667h@2x.png in Resources */ = {isa = PBXBuildFile; fileRef = 6A7493961B83749A0021C85B /* default-667h@2x.png */; };
		6A74939B1B83749A0021C85B /* default-736h@2x.png in Resources */ = {isa = PBXBuildFile; fileRef = 6A7493971B83749A0021C85B /* default-736h@2x.png */; };
		6A74939C1B83749A0021C85B /* default.png in Resources */ = {isa = PBXBuildFile; fileRef = 6A7493981B83749A0021C85B /* default.png */; };
		6A74939D1B83749A0021C85B /* default@2x.png in Resources */ = {isa = PBXBuildFile; fileRef = 6A7493991B83749A0021C85B /* default@2x.png */; };
		6A74939F1B83764A0021C85B /* Default-568h@2x.png in Resources */ = {isa = PBXBuildFile; fileRef = 6A74939E1B83764A0021C85B /* Default-568h@2x.png */; };
		6AAB37001B8812AA006DF060 /* Image.bundle in Resources */ = {isa = PBXBuildFile; fileRef = 6AAB36FF1B8812AA006DF060 /* Image.bundle */; };
		6AAF5C091B80F98F00C7F397 /* ProductListTableViewController.m in Sources */ = {isa = PBXBuildFile; fileRef = 6AAF5C081B80F98F00C7F397 /* ProductListTableViewController.m */; };
		6AAF5C0F1B810CC200C7F397 /* RootViewController.m in Sources */ = {isa = PBXBuildFile; fileRef = 6AAF5C0E1B810CC200C7F397 /* RootViewController.m */; };
		6AAF5C121B81136000C7F397 /* ProductListMenuView.m in Sources */ = {isa = PBXBuildFile; fileRef = 6AAF5C111B81136000C7F397 /* ProductListMenuView.m */; };
		6AB296B91B7CAEE3002F1D16 /* main.m in Sources */ = {isa = PBXBuildFile; fileRef = 6AB296B81B7CAEE3002F1D16 /* main.m */; };
		6AB296BC1B7CAEE3002F1D16 /* AppDelegate.m in Sources */ = {isa = PBXBuildFile; fileRef = 6AB296BB1B7CAEE3002F1D16 /* AppDelegate.m */; };
		6AB296C41B7CAEE3002F1D16 /* Images.xcassets in Resources */ = {isa = PBXBuildFile; fileRef = 6AB296C31B7CAEE3002F1D16 /* Images.xcassets */; };
		6AB296D31B7CAEE3002F1D16 /* StoreTests.m in Sources */ = {isa = PBXBuildFile; fileRef = 6AB296D21B7CAEE3002F1D16 /* StoreTests.m */; };
		6AB296DE1B7CB26E002F1D16 /* StoreMainViewController.m in Sources */ = {isa = PBXBuildFile; fileRef = 6AB296DD1B7CB26E002F1D16 /* StoreMainViewController.m */; };
		6AB296E61B7D00F9002F1D16 /* messageList.png in Resources */ = {isa = PBXBuildFile; fileRef = 6AB296E41B7D00F9002F1D16 /* messageList.png */; };
		6AB296E71B7D00F9002F1D16 /* leftBtn.png in Resources */ = {isa = PBXBuildFile; fileRef = 6AB296E51B7D00F9002F1D16 /* leftBtn.png */; };
		6AC7C2D21B832CD700532559 /* ProductImagesScrollView.m in Sources */ = {isa = PBXBuildFile; fileRef = 6AC7C2D11B832CD700532559 /* ProductImagesScrollView.m */; };
		6AC7C2D71B8348FB00532559 /* ProductDetailCell.m in Sources */ = {isa = PBXBuildFile; fileRef = 6AC7C2D61B8348FB00532559 /* ProductDetailCell.m */; };
		6AEE6E061B822BE0000C82C1 /* ProductDetailViewController.m in Sources */ = {isa = PBXBuildFile; fileRef = 6AEE6E051B822BE0000C82C1 /* ProductDetailViewController.m */; };
		6AEE6E3F1B82DE0C000C82C1 /* ToolsOriginImage.m in Sources */ = {isa = PBXBuildFile; fileRef = 6AEE6E3E1B82DE0C000C82C1 /* ToolsOriginImage.m */; };
		6AEE6E421B82F7D7000C82C1 /* ProductTypes.m in Sources */ = {isa = PBXBuildFile; fileRef = 6AEE6E411B82F7D7000C82C1 /* ProductTypes.m */; };
		6AEE6E451B831700000C82C1 /* shopCar.png in Resources */ = {isa = PBXBuildFile; fileRef = 6AEE6E441B831700000C82C1 /* shopCar.png */; };
		6AF383411B89ACDE00FAFB32 /* AddAddressViewController.m in Sources */ = {isa = PBXBuildFile; fileRef = 6AF383401B89ACDE00FAFB32 /* AddAddressViewController.m */; };
		6AF383441B89B6D800FAFB32 /* SelectAddressViewController.m in Sources */ = {isa = PBXBuildFile; fileRef = 6AF383431B89B6D800FAFB32 /* SelectAddressViewController.m */; };
		6AF383471B89C10500FAFB32 /* EditAddressViewController.m in Sources */ = {isa = PBXBuildFile; fileRef = 6AF383461B89C10500FAFB32 /* EditAddressViewController.m */; };
		6AFDF01E1B7EE15300CC96FF /* TopProductsView.m in Sources */ = {isa = PBXBuildFile; fileRef = 6AFDF01D1B7EE15300CC96FF /* TopProductsView.m */; };
		6AFDF0211B7EE98A00CC96FF /* ProductView.m in Sources */ = {isa = PBXBuildFile; fileRef = 6AFDF0201B7EE98A00CC96FF /* ProductView.m */; };
		6AFDF0641B7F0C3B00CC96FF /* StoreProductsModel.m in Sources */ = {isa = PBXBuildFile; fileRef = 6AFDF0631B7F0C3B00CC96FF /* StoreProductsModel.m */; };
		6AFDF0661B7F17C400CC96FF /* product1.png in Resources */ = {isa = PBXBuildFile; fileRef = 6AFDF0651B7F17C400CC96FF /* product1.png */; };
		6AFDF0681B7F364100CC96FF /* product2.png in Resources */ = {isa = PBXBuildFile; fileRef = 6AFDF0671B7F364100CC96FF /* product2.png */; };
		6AFDF0721B80D25800CC96FF /* MainProductCell.m in Sources */ = {isa = PBXBuildFile; fileRef = 6AFDF0701B80D25800CC96FF /* MainProductCell.m */; };
/* End PBXBuildFile section */

/* Begin PBXContainerItemProxy section */
		6AB296CD1B7CAEE3002F1D16 /* PBXContainerItemProxy */ = {
			isa = PBXContainerItemProxy;
			containerPortal = 6AB296AB1B7CAEE3002F1D16 /* Project object */;
			proxyType = 1;
			remoteGlobalIDString = 6AB296B21B7CAEE3002F1D16;
			remoteInfo = Store;
		};
/* End PBXContainerItemProxy section */

/* Begin PBXFileReference section */
		6A0357C81B841DD1009E893C /* MJRefreshAutoFooter.h */ = {isa = PBXFileReference; fileEncoding = 4; lastKnownFileType = sourcecode.c.h; path = MJRefreshAutoFooter.h; sourceTree = "<group>"; };
		6A0357C91B841DD1009E893C /* MJRefreshAutoFooter.m */ = {isa = PBXFileReference; fileEncoding = 4; lastKnownFileType = sourcecode.c.objc; path = MJRefreshAutoFooter.m; sourceTree = "<group>"; };
		6A0357CA1B841DD1009E893C /* MJRefreshBackFooter.h */ = {isa = PBXFileReference; fileEncoding = 4; lastKnownFileType = sourcecode.c.h; path = MJRefreshBackFooter.h; sourceTree = "<group>"; };
		6A0357CB1B841DD1009E893C /* MJRefreshBackFooter.m */ = {isa = PBXFileReference; fileEncoding = 4; lastKnownFileType = sourcecode.c.objc; path = MJRefreshBackFooter.m; sourceTree = "<group>"; };
		6A0357CC1B841DD1009E893C /* MJRefreshComponent.h */ = {isa = PBXFileReference; fileEncoding = 4; lastKnownFileType = sourcecode.c.h; path = MJRefreshComponent.h; sourceTree = "<group>"; };
		6A0357CD1B841DD1009E893C /* MJRefreshComponent.m */ = {isa = PBXFileReference; fileEncoding = 4; lastKnownFileType = sourcecode.c.objc; path = MJRefreshComponent.m; sourceTree = "<group>"; };
		6A0357CE1B841DD1009E893C /* MJRefreshFooter.h */ = {isa = PBXFileReference; fileEncoding = 4; lastKnownFileType = sourcecode.c.h; path = MJRefreshFooter.h; sourceTree = "<group>"; };
		6A0357CF1B841DD1009E893C /* MJRefreshFooter.m */ = {isa = PBXFileReference; fileEncoding = 4; lastKnownFileType = sourcecode.c.objc; path = MJRefreshFooter.m; sourceTree = "<group>"; };
		6A0357D01B841DD1009E893C /* MJRefreshHeader.h */ = {isa = PBXFileReference; fileEncoding = 4; lastKnownFileType = sourcecode.c.h; path = MJRefreshHeader.h; sourceTree = "<group>"; };
		6A0357D11B841DD1009E893C /* MJRefreshHeader.m */ = {isa = PBXFileReference; fileEncoding = 4; lastKnownFileType = sourcecode.c.objc; path = MJRefreshHeader.m; sourceTree = "<group>"; };
		6A0357D51B841DD1009E893C /* MJRefreshAutoGifFooter.h */ = {isa = PBXFileReference; fileEncoding = 4; lastKnownFileType = sourcecode.c.h; path = MJRefreshAutoGifFooter.h; sourceTree = "<group>"; };
		6A0357D61B841DD1009E893C /* MJRefreshAutoGifFooter.m */ = {isa = PBXFileReference; fileEncoding = 4; lastKnownFileType = sourcecode.c.objc; path = MJRefreshAutoGifFooter.m; sourceTree = "<group>"; };
		6A0357D71B841DD1009E893C /* MJRefreshAutoNormalFooter.h */ = {isa = PBXFileReference; fileEncoding = 4; lastKnownFileType = sourcecode.c.h; path = MJRefreshAutoNormalFooter.h; sourceTree = "<group>"; };
		6A0357D81B841DD1009E893C /* MJRefreshAutoNormalFooter.m */ = {isa = PBXFileReference; fileEncoding = 4; lastKnownFileType = sourcecode.c.objc; path = MJRefreshAutoNormalFooter.m; sourceTree = "<group>"; };
		6A0357D91B841DD1009E893C /* MJRefreshAutoStateFooter.h */ = {isa = PBXFileReference; fileEncoding = 4; lastKnownFileType = sourcecode.c.h; path = MJRefreshAutoStateFooter.h; sourceTree = "<group>"; };
		6A0357DA1B841DD1009E893C /* MJRefreshAutoStateFooter.m */ = {isa = PBXFileReference; fileEncoding = 4; lastKnownFileType = sourcecode.c.objc; path = MJRefreshAutoStateFooter.m; sourceTree = "<group>"; };
		6A0357DC1B841DD1009E893C /* MJRefreshBackGifFooter.h */ = {isa = PBXFileReference; fileEncoding = 4; lastKnownFileType = sourcecode.c.h; path = MJRefreshBackGifFooter.h; sourceTree = "<group>"; };
		6A0357DD1B841DD1009E893C /* MJRefreshBackGifFooter.m */ = {isa = PBXFileReference; fileEncoding = 4; lastKnownFileType = sourcecode.c.objc; path = MJRefreshBackGifFooter.m; sourceTree = "<group>"; };
		6A0357DE1B841DD1009E893C /* MJRefreshBackNormalFooter.h */ = {isa = PBXFileReference; fileEncoding = 4; lastKnownFileType = sourcecode.c.h; path = MJRefreshBackNormalFooter.h; sourceTree = "<group>"; };
		6A0357DF1B841DD2009E893C /* MJRefreshBackNormalFooter.m */ = {isa = PBXFileReference; fileEncoding = 4; lastKnownFileType = sourcecode.c.objc; path = MJRefreshBackNormalFooter.m; sourceTree = "<group>"; };
		6A0357E01B841DD2009E893C /* MJRefreshBackStateFooter.h */ = {isa = PBXFileReference; fileEncoding = 4; lastKnownFileType = sourcecode.c.h; path = MJRefreshBackStateFooter.h; sourceTree = "<group>"; };
		6A0357E11B841DD2009E893C /* MJRefreshBackStateFooter.m */ = {isa = PBXFileReference; fileEncoding = 4; lastKnownFileType = sourcecode.c.objc; path = MJRefreshBackStateFooter.m; sourceTree = "<group>"; };
		6A0357E31B841DD2009E893C /* MJRefreshGifHeader.h */ = {isa = PBXFileReference; fileEncoding = 4; lastKnownFileType = sourcecode.c.h; path = MJRefreshGifHeader.h; sourceTree = "<group>"; };
		6A0357E41B841DD2009E893C /* MJRefreshGifHeader.m */ = {isa = PBXFileReference; fileEncoding = 4; lastKnownFileType = sourcecode.c.objc; path = MJRefreshGifHeader.m; sourceTree = "<group>"; };
		6A0357E51B841DD2009E893C /* MJRefreshNormalHeader.h */ = {isa = PBXFileReference; fileEncoding = 4; lastKnownFileType = sourcecode.c.h; path = MJRefreshNormalHeader.h; sourceTree = "<group>"; };
		6A0357E61B841DD2009E893C /* MJRefreshNormalHeader.m */ = {isa = PBXFileReference; fileEncoding = 4; lastKnownFileType = sourcecode.c.objc; path = MJRefreshNormalHeader.m; sourceTree = "<group>"; };
		6A0357E71B841DD2009E893C /* MJRefreshStateHeader.h */ = {isa = PBXFileReference; fileEncoding = 4; lastKnownFileType = sourcecode.c.h; path = MJRefreshStateHeader.h; sourceTree = "<group>"; };
		6A0357E81B841DD2009E893C /* MJRefreshStateHeader.m */ = {isa = PBXFileReference; fileEncoding = 4; lastKnownFileType = sourcecode.c.objc; path = MJRefreshStateHeader.m; sourceTree = "<group>"; };
		6A0357E91B841DD2009E893C /* MJRefresh.bundle */ = {isa = PBXFileReference; lastKnownFileType = "wrapper.plug-in"; path = MJRefresh.bundle; sourceTree = "<group>"; };
		6A0357EA1B841DD2009E893C /* MJRefresh.h */ = {isa = PBXFileReference; fileEncoding = 4; lastKnownFileType = sourcecode.c.h; path = MJRefresh.h; sourceTree = "<group>"; };
		6A0357EB1B841DD2009E893C /* MJRefreshConst.h */ = {isa = PBXFileReference; fileEncoding = 4; lastKnownFileType = sourcecode.c.h; path = MJRefreshConst.h; sourceTree = "<group>"; };
		6A0357EC1B841DD2009E893C /* MJRefreshConst.m */ = {isa = PBXFileReference; fileEncoding = 4; lastKnownFileType = sourcecode.c.objc; path = MJRefreshConst.m; sourceTree = "<group>"; };
		6A0357ED1B841DD2009E893C /* UIScrollView+MJExtension.h */ = {isa = PBXFileReference; fileEncoding = 4; lastKnownFileType = sourcecode.c.h; path = "UIScrollView+MJExtension.h"; sourceTree = "<group>"; };
		6A0357EE1B841DD2009E893C /* UIScrollView+MJExtension.m */ = {isa = PBXFileReference; fileEncoding = 4; lastKnownFileType = sourcecode.c.objc; path = "UIScrollView+MJExtension.m"; sourceTree = "<group>"; };
		6A0357EF1B841DD2009E893C /* UIScrollView+MJRefresh.h */ = {isa = PBXFileReference; fileEncoding = 4; lastKnownFileType = sourcecode.c.h; path = "UIScrollView+MJRefresh.h"; sourceTree = "<group>"; };
		6A0357F01B841DD2009E893C /* UIScrollView+MJRefresh.m */ = {isa = PBXFileReference; fileEncoding = 4; lastKnownFileType = sourcecode.c.objc; path = "UIScrollView+MJRefresh.m"; sourceTree = "<group>"; };
		6A0357F11B841DD2009E893C /* UIView+MJExtension.h */ = {isa = PBXFileReference; fileEncoding = 4; lastKnownFileType = sourcecode.c.h; path = "UIView+MJExtension.h"; sourceTree = "<group>"; };
		6A0357F21B841DD2009E893C /* UIView+MJExtension.m */ = {isa = PBXFileReference; fileEncoding = 4; lastKnownFileType = sourcecode.c.objc; path = "UIView+MJExtension.m"; sourceTree = "<group>"; };
		6A0358061B843B61009E893C /* ShopBar.h */ = {isa = PBXFileReference; fileEncoding = 4; lastKnownFileType = sourcecode.c.h; path = ShopBar.h; sourceTree = "<group>"; };
		6A0358071B843B61009E893C /* ShopBar.m */ = {isa = PBXFileReference; fileEncoding = 4; lastKnownFileType = sourcecode.c.objc; path = ShopBar.m; sourceTree = "<group>"; };
		6A0358091B843DDA009E893C /* productDetailshopCar.png */ = {isa = PBXFileReference; lastKnownFileType = image.png; path = productDetailshopCar.png; sourceTree = "<group>"; };
		6A03580B1B845C70009E893C /* ShopCarViewController.h */ = {isa = PBXFileReference; fileEncoding = 4; lastKnownFileType = sourcecode.c.h; path = ShopCarViewController.h; sourceTree = "<group>"; };
		6A03580C1B845C70009E893C /* ShopCarViewController.m */ = {isa = PBXFileReference; fileEncoding = 4; lastKnownFileType = sourcecode.c.objc; path = ShopCarViewController.m; sourceTree = "<group>"; };
		6A03580E1B845D26009E893C /* ShopCarProductModel.h */ = {isa = PBXFileReference; fileEncoding = 4; lastKnownFileType = sourcecode.c.h; path = ShopCarProductModel.h; sourceTree = "<group>"; };
		6A03580F1B845D26009E893C /* ShopCarProductModel.m */ = {isa = PBXFileReference; fileEncoding = 4; lastKnownFileType = sourcecode.c.objc; path = ShopCarProductModel.m; sourceTree = "<group>"; };
		6A0358111B846550009E893C /* ShopCarProductCell.h */ = {isa = PBXFileReference; fileEncoding = 4; lastKnownFileType = sourcecode.c.h; path = ShopCarProductCell.h; sourceTree = "<group>"; };
		6A0358121B846550009E893C /* ShopCarProductCell.m */ = {isa = PBXFileReference; fileEncoding = 4; lastKnownFileType = sourcecode.c.objc; path = ShopCarProductCell.m; sourceTree = "<group>"; };
		6A0358571B8493DB009E893C /* SettlementBar.h */ = {isa = PBXFileReference; fileEncoding = 4; lastKnownFileType = sourcecode.c.h; path = SettlementBar.h; sourceTree = "<group>"; };
		6A0358581B8493DB009E893C /* SettlementBar.m */ = {isa = PBXFileReference; fileEncoding = 4; lastKnownFileType = sourcecode.c.objc; path = SettlementBar.m; sourceTree = "<group>"; };
		6A03585A1B849F92009E893C /* ShopBarDelegate.h */ = {isa = PBXFileReference; fileEncoding = 4; lastKnownFileType = sourcecode.c.h; path = ShopBarDelegate.h; sourceTree = "<group>"; };
		6A286B421B885FB8005512EF /* AddressViewController.h */ = {isa = PBXFileReference; fileEncoding = 4; lastKnownFileType = sourcecode.c.h; path = AddressViewController.h; sourceTree = "<group>"; };
		6A286B431B885FB8005512EF /* AddressViewController.m */ = {isa = PBXFileReference; fileEncoding = 4; lastKnownFileType = sourcecode.c.objc; path = AddressViewController.m; sourceTree = "<group>"; };
		6A286B481B88627A005512EF /* DeliveryTimeViewController.h */ = {isa = PBXFileReference; fileEncoding = 4; lastKnownFileType = sourcecode.c.h; path = DeliveryTimeViewController.h; sourceTree = "<group>"; };
		6A286B491B88627A005512EF /* DeliveryTimeViewController.m */ = {isa = PBXFileReference; fileEncoding = 4; lastKnownFileType = sourcecode.c.objc; path = DeliveryTimeViewController.m; sourceTree = "<group>"; };
		6A286B4B1B886829005512EF /* AddressViewCell.h */ = {isa = PBXFileReference; fileEncoding = 4; lastKnownFileType = sourcecode.c.h; path = AddressViewCell.h; sourceTree = "<group>"; };
		6A286B4C1B886829005512EF /* AddressViewCell.m */ = {isa = PBXFileReference; fileEncoding = 4; lastKnownFileType = sourcecode.c.objc; path = AddressViewCell.m; sourceTree = "<group>"; };
		6A286B4E1B887039005512EF /* StoreAddressModel.h */ = {isa = PBXFileReference; fileEncoding = 4; lastKnownFileType = sourcecode.c.h; path = StoreAddressModel.h; sourceTree = "<group>"; };
		6A286B4F1B887039005512EF /* StoreAddressModel.m */ = {isa = PBXFileReference; fileEncoding = 4; lastKnownFileType = sourcecode.c.objc; path = StoreAddressModel.m; sourceTree = "<group>"; };
		6A286B511B888105005512EF /* ShopCarButton.h */ = {isa = PBXFileReference; fileEncoding = 4; lastKnownFileType = sourcecode.c.h; path = ShopCarButton.h; sourceTree = "<group>"; };
		6A286B521B888105005512EF /* ShopCarButton.m */ = {isa = PBXFileReference; fileEncoding = 4; lastKnownFileType = sourcecode.c.objc; path = ShopCarButton.m; sourceTree = "<group>"; };
		6A286B541B888711005512EF /* ProductDetailintroductionViewController.h */ = {isa = PBXFileReference; fileEncoding = 4; lastKnownFileType = sourcecode.c.h; path = ProductDetailintroductionViewController.h; sourceTree = "<group>"; };
		6A286B551B888711005512EF /* ProductDetailintroductionViewController.m */ = {isa = PBXFileReference; fileEncoding = 4; lastKnownFileType = sourcecode.c.objc; path = ProductDetailintroductionViewController.m; sourceTree = "<group>"; };
		6A2F6A891B8197BF000C882D /* ScreeningView.h */ = {isa = PBXFileReference; fileEncoding = 4; lastKnownFileType = sourcecode.c.h; path = ScreeningView.h; sourceTree = "<group>"; };
		6A2F6A8A1B8197BF000C882D /* ScreeningView.m */ = {isa = PBXFileReference; fileEncoding = 4; lastKnownFileType = sourcecode.c.objc; path = ScreeningView.m; sourceTree = "<group>"; };
		6A2F6A8D1B81A620000C882D /* SearchProductDelegate.h */ = {isa = PBXFileReference; fileEncoding = 4; lastKnownFileType = sourcecode.c.h; path = SearchProductDelegate.h; sourceTree = "<group>"; };
		6A2F6A8E1B81B1E3000C882D /* SortView.h */ = {isa = PBXFileReference; fileEncoding = 4; lastKnownFileType = sourcecode.c.h; path = SortView.h; sourceTree = "<group>"; };
		6A2F6A8F1B81B1E4000C882D /* SortView.m */ = {isa = PBXFileReference; fileEncoding = 4; lastKnownFileType = sourcecode.c.objc; path = SortView.m; sourceTree = "<group>"; };
		6A2F6A911B81D20A000C882D /* StoreDefine.h */ = {isa = PBXFileReference; lastKnownFileType = sourcecode.c.h; path = StoreDefine.h; sourceTree = "<group>"; };
		6A2F6A951B81D8A6000C882D /* ProductListCell.h */ = {isa = PBXFileReference; fileEncoding = 4; lastKnownFileType = sourcecode.c.h; path = ProductListCell.h; sourceTree = "<group>"; };
		6A2F6A961B81D8A6000C882D /* ProductListCell.m */ = {isa = PBXFileReference; fileEncoding = 4; lastKnownFileType = sourcecode.c.objc; path = ProductListCell.m; sourceTree = "<group>"; };
		6A392FA01B88D78B00309EE3 /* MessageListViewController.h */ = {isa = PBXFileReference; fileEncoding = 4; lastKnownFileType = sourcecode.c.h; path = MessageListViewController.h; sourceTree = "<group>"; };
		6A392FA11B88D78B00309EE3 /* MessageListViewController.m */ = {isa = PBXFileReference; fileEncoding = 4; lastKnownFileType = sourcecode.c.objc; path = MessageListViewController.m; sourceTree = "<group>"; };
		6A4852291B84A9A900C9129C /* IconTitleButton.h */ = {isa = PBXFileReference; fileEncoding = 4; lastKnownFileType = sourcecode.c.h; path = IconTitleButton.h; sourceTree = "<group>"; };
		6A48522A1B84A9A900C9129C /* IconTitleButton.m */ = {isa = PBXFileReference; fileEncoding = 4; lastKnownFileType = sourcecode.c.objc; path = IconTitleButton.m; sourceTree = "<group>"; };
		6A624C6E1B872ABB00963DC4 /* SettlementViewController.h */ = {isa = PBXFileReference; fileEncoding = 4; lastKnownFileType = sourcecode.c.h; path = SettlementViewController.h; sourceTree = "<group>"; };
		6A624C6F1B872ABB00963DC4 /* SettlementViewController.m */ = {isa = PBXFileReference; fileEncoding = 4; lastKnownFileType = sourcecode.c.objc; path = SettlementViewController.m; sourceTree = "<group>"; };
		6A624C711B873CE000963DC4 /* SettlementHeadCell.h */ = {isa = PBXFileReference; fileEncoding = 4; lastKnownFileType = sourcecode.c.h; path = SettlementHeadCell.h; sourceTree = "<group>"; };
		6A624C721B873CE000963DC4 /* SettlementHeadCell.m */ = {isa = PBXFileReference; fileEncoding = 4; lastKnownFileType = sourcecode.c.objc; path = SettlementHeadCell.m; sourceTree = "<group>"; };
		6A624C741B87436600963DC4 /* SettlementProductCell.h */ = {isa = PBXFileReference; fileEncoding = 4; lastKnownFileType = sourcecode.c.h; path = SettlementProductCell.h; sourceTree = "<group>"; };
		6A624C751B87436600963DC4 /* SettlementProductCell.m */ = {isa = PBXFileReference; fileEncoding = 4; lastKnownFileType = sourcecode.c.objc; path = SettlementProductCell.m; sourceTree = "<group>"; };
		6A624C771B8780B800963DC4 /* SettlementConfirmView.h */ = {isa = PBXFileReference; fileEncoding = 4; lastKnownFileType = sourcecode.c.h; path = SettlementConfirmView.h; sourceTree = "<group>"; };
		6A624C781B8780B800963DC4 /* SettlementConfirmView.m */ = {isa = PBXFileReference; fileEncoding = 4; lastKnownFileType = sourcecode.c.objc; path = SettlementConfirmView.m; sourceTree = "<group>"; };
		6A624CB31B878ABC00963DC4 /* CustomHUD.h */ = {isa = PBXFileReference; fileEncoding = 4; lastKnownFileType = sourcecode.c.h; path = CustomHUD.h; sourceTree = "<group>"; };
		6A624CB41B878ABC00963DC4 /* CustomHUD.m */ = {isa = PBXFileReference; fileEncoding = 4; lastKnownFileType = sourcecode.c.objc; path = CustomHUD.m; sourceTree = "<group>"; };
		6A698AC31B7E49BF00CC9707 /* ad.png */ = {isa = PBXFileReference; lastKnownFileType = image.png; path = ad.png; sourceTree = "<group>"; };
		6A698AC51B7E4A9500CC9707 /* MainADScrollVIew.h */ = {isa = PBXFileReference; fileEncoding = 4; lastKnownFileType = sourcecode.c.h; path = MainADScrollVIew.h; sourceTree = "<group>"; };
		6A698AC61B7E4A9500CC9707 /* MainADScrollVIew.m */ = {isa = PBXFileReference; fileEncoding = 4; lastKnownFileType = sourcecode.c.objc; path = MainADScrollVIew.m; sourceTree = "<group>"; };
		6A698AC81B7E507400CC9707 /* nongjia.png */ = {isa = PBXFileReference; lastKnownFileType = image.png; path = nongjia.png; sourceTree = "<group>"; };
		6A698AC91B7E507400CC9707 /* shuiguo.png */ = {isa = PBXFileReference; lastKnownFileType = image.png; path = shuiguo.png; sourceTree = "<group>"; };
		6A698ACA1B7E507400CC9707 /* tuijian.png */ = {isa = PBXFileReference; lastKnownFileType = image.png; path = tuijian.png; sourceTree = "<group>"; };
		6A698ACB1B7E507400CC9707 /* type.png */ = {isa = PBXFileReference; lastKnownFileType = image.png; path = type.png; sourceTree = "<group>"; };
		6A698AD01B7E52D300CC9707 /* MainMeunView.h */ = {isa = PBXFileReference; fileEncoding = 4; lastKnownFileType = sourcecode.c.h; path = MainMeunView.h; sourceTree = "<group>"; };
		6A698AD11B7E52D300CC9707 /* MainMeunView.m */ = {isa = PBXFileReference; fileEncoding = 4; lastKnownFileType = sourcecode.c.objc; path = MainMeunView.m; sourceTree = "<group>"; };
		6A698AD31B7ED1FD00CC9707 /* MainMenuItem.h */ = {isa = PBXFileReference; fileEncoding = 4; lastKnownFileType = sourcecode.c.h; path = MainMenuItem.h; sourceTree = "<group>"; };
		6A698AD41B7ED1FD00CC9707 /* MainMenuItem.m */ = {isa = PBXFileReference; fileEncoding = 4; lastKnownFileType = sourcecode.c.objc; path = MainMenuItem.m; sourceTree = "<group>"; };
		6A7493961B83749A0021C85B /* default-667h@2x.png */ = {isa = PBXFileReference; lastKnownFileType = image.png; path = "default-667h@2x.png"; sourceTree = "<group>"; };
		6A7493971B83749A0021C85B /* default-736h@2x.png */ = {isa = PBXFileReference; lastKnownFileType = image.png; path = "default-736h@2x.png"; sourceTree = "<group>"; };
		6A7493981B83749A0021C85B /* default.png */ = {isa = PBXFileReference; lastKnownFileType = image.png; path = default.png; sourceTree = "<group>"; };
		6A7493991B83749A0021C85B /* default@2x.png */ = {isa = PBXFileReference; lastKnownFileType = image.png; path = "default@2x.png"; sourceTree = "<group>"; };
		6A74939E1B83764A0021C85B /* Default-568h@2x.png */ = {isa = PBXFileReference; lastKnownFileType = image.png; path = "Default-568h@2x.png"; sourceTree = "<group>"; };
		6AAB36FF1B8812AA006DF060 /* Image.bundle */ = {isa = PBXFileReference; lastKnownFileType = "wrapper.plug-in"; path = Image.bundle; sourceTree = "<group>"; };
		6AAF5C071B80F98F00C7F397 /* ProductListTableViewController.h */ = {isa = PBXFileReference; fileEncoding = 4; lastKnownFileType = sourcecode.c.h; path = ProductListTableViewController.h; sourceTree = "<group>"; };
		6AAF5C081B80F98F00C7F397 /* ProductListTableViewController.m */ = {isa = PBXFileReference; fileEncoding = 4; lastKnownFileType = sourcecode.c.objc; path = ProductListTableViewController.m; sourceTree = "<group>"; };
		6AAF5C0D1B810CC200C7F397 /* RootViewController.h */ = {isa = PBXFileReference; fileEncoding = 4; lastKnownFileType = sourcecode.c.h; path = RootViewController.h; sourceTree = "<group>"; };
		6AAF5C0E1B810CC200C7F397 /* RootViewController.m */ = {isa = PBXFileReference; fileEncoding = 4; lastKnownFileType = sourcecode.c.objc; path = RootViewController.m; sourceTree = "<group>"; };
		6AAF5C101B81136000C7F397 /* ProductListMenuView.h */ = {isa = PBXFileReference; fileEncoding = 4; lastKnownFileType = sourcecode.c.h; path = ProductListMenuView.h; sourceTree = "<group>"; };
		6AAF5C111B81136000C7F397 /* ProductListMenuView.m */ = {isa = PBXFileReference; fileEncoding = 4; lastKnownFileType = sourcecode.c.objc; path = ProductListMenuView.m; sourceTree = "<group>"; };
		6AB296B31B7CAEE3002F1D16 /* Store.app */ = {isa = PBXFileReference; explicitFileType = wrapper.application; includeInIndex = 0; path = Store.app; sourceTree = BUILT_PRODUCTS_DIR; };
		6AB296B71B7CAEE3002F1D16 /* Info.plist */ = {isa = PBXFileReference; lastKnownFileType = text.plist.xml; path = Info.plist; sourceTree = "<group>"; };
		6AB296B81B7CAEE3002F1D16 /* main.m */ = {isa = PBXFileReference; lastKnownFileType = sourcecode.c.objc; path = main.m; sourceTree = "<group>"; };
		6AB296BA1B7CAEE3002F1D16 /* AppDelegate.h */ = {isa = PBXFileReference; lastKnownFileType = sourcecode.c.h; path = AppDelegate.h; sourceTree = "<group>"; };
		6AB296BB1B7CAEE3002F1D16 /* AppDelegate.m */ = {isa = PBXFileReference; lastKnownFileType = sourcecode.c.objc; path = AppDelegate.m; sourceTree = "<group>"; };
		6AB296C31B7CAEE3002F1D16 /* Images.xcassets */ = {isa = PBXFileReference; lastKnownFileType = folder.assetcatalog; path = Images.xcassets; sourceTree = "<group>"; };
		6AB296CC1B7CAEE3002F1D16 /* StoreTests.xctest */ = {isa = PBXFileReference; explicitFileType = wrapper.cfbundle; includeInIndex = 0; path = StoreTests.xctest; sourceTree = BUILT_PRODUCTS_DIR; };
		6AB296D11B7CAEE3002F1D16 /* Info.plist */ = {isa = PBXFileReference; lastKnownFileType = text.plist.xml; path = Info.plist; sourceTree = "<group>"; };
		6AB296D21B7CAEE3002F1D16 /* StoreTests.m */ = {isa = PBXFileReference; lastKnownFileType = sourcecode.c.objc; path = StoreTests.m; sourceTree = "<group>"; };
		6AB296DC1B7CB26E002F1D16 /* StoreMainViewController.h */ = {isa = PBXFileReference; fileEncoding = 4; lastKnownFileType = sourcecode.c.h; path = StoreMainViewController.h; sourceTree = "<group>"; };
		6AB296DD1B7CB26E002F1D16 /* StoreMainViewController.m */ = {isa = PBXFileReference; fileEncoding = 4; lastKnownFileType = sourcecode.c.objc; path = StoreMainViewController.m; sourceTree = "<group>"; };
		6AB296E41B7D00F9002F1D16 /* messageList.png */ = {isa = PBXFileReference; lastKnownFileType = image.png; path = messageList.png; sourceTree = "<group>"; };
		6AB296E51B7D00F9002F1D16 /* leftBtn.png */ = {isa = PBXFileReference; lastKnownFileType = image.png; path = leftBtn.png; sourceTree = "<group>"; };
		6AC7C2D01B832CD700532559 /* ProductImagesScrollView.h */ = {isa = PBXFileReference; fileEncoding = 4; lastKnownFileType = sourcecode.c.h; path = ProductImagesScrollView.h; sourceTree = "<group>"; };
		6AC7C2D11B832CD700532559 /* ProductImagesScrollView.m */ = {isa = PBXFileReference; fileEncoding = 4; lastKnownFileType = sourcecode.c.objc; path = ProductImagesScrollView.m; sourceTree = "<group>"; };
		6AC7C2D51B8348FB00532559 /* ProductDetailCell.h */ = {isa = PBXFileReference; fileEncoding = 4; lastKnownFileType = sourcecode.c.h; path = ProductDetailCell.h; sourceTree = "<group>"; };
		6AC7C2D61B8348FB00532559 /* ProductDetailCell.m */ = {isa = PBXFileReference; fileEncoding = 4; lastKnownFileType = sourcecode.c.objc; path = ProductDetailCell.m; sourceTree = "<group>"; };
		6AEE6E041B822BE0000C82C1 /* ProductDetailViewController.h */ = {isa = PBXFileReference; fileEncoding = 4; lastKnownFileType = sourcecode.c.h; path = ProductDetailViewController.h; sourceTree = "<group>"; };
		6AEE6E051B822BE0000C82C1 /* ProductDetailViewController.m */ = {isa = PBXFileReference; fileEncoding = 4; lastKnownFileType = sourcecode.c.objc; path = ProductDetailViewController.m; sourceTree = "<group>"; };
		6AEE6E3D1B82DE0C000C82C1 /* ToolsOriginImage.h */ = {isa = PBXFileReference; fileEncoding = 4; lastKnownFileType = sourcecode.c.h; path = ToolsOriginImage.h; sourceTree = "<group>"; };
		6AEE6E3E1B82DE0C000C82C1 /* ToolsOriginImage.m */ = {isa = PBXFileReference; fileEncoding = 4; lastKnownFileType = sourcecode.c.objc; path = ToolsOriginImage.m; sourceTree = "<group>"; };
		6AEE6E401B82F7D7000C82C1 /* ProductTypes.h */ = {isa = PBXFileReference; fileEncoding = 4; lastKnownFileType = sourcecode.c.h; path = ProductTypes.h; sourceTree = "<group>"; };
		6AEE6E411B82F7D7000C82C1 /* ProductTypes.m */ = {isa = PBXFileReference; fileEncoding = 4; lastKnownFileType = sourcecode.c.objc; path = ProductTypes.m; sourceTree = "<group>"; };
		6AEE6E431B830C39000C82C1 /* MainSreachBarDelegate.h */ = {isa = PBXFileReference; fileEncoding = 4; lastKnownFileType = sourcecode.c.h; path = MainSreachBarDelegate.h; sourceTree = "<group>"; };
		6AEE6E441B831700000C82C1 /* shopCar.png */ = {isa = PBXFileReference; lastKnownFileType = image.png; path = shopCar.png; sourceTree = "<group>"; };
		6AF3833F1B89ACDE00FAFB32 /* AddAddressViewController.h */ = {isa = PBXFileReference; fileEncoding = 4; lastKnownFileType = sourcecode.c.h; path = AddAddressViewController.h; sourceTree = "<group>"; };
		6AF383401B89ACDE00FAFB32 /* AddAddressViewController.m */ = {isa = PBXFileReference; fileEncoding = 4; lastKnownFileType = sourcecode.c.objc; path = AddAddressViewController.m; sourceTree = "<group>"; };
		6AF383421B89B6D800FAFB32 /* SelectAddressViewController.h */ = {isa = PBXFileReference; fileEncoding = 4; lastKnownFileType = sourcecode.c.h; path = SelectAddressViewController.h; sourceTree = "<group>"; };
		6AF383431B89B6D800FAFB32 /* SelectAddressViewController.m */ = {isa = PBXFileReference; fileEncoding = 4; lastKnownFileType = sourcecode.c.objc; path = SelectAddressViewController.m; sourceTree = "<group>"; };
		6AF383451B89C10500FAFB32 /* EditAddressViewController.h */ = {isa = PBXFileReference; fileEncoding = 4; lastKnownFileType = sourcecode.c.h; path = EditAddressViewController.h; sourceTree = "<group>"; };
		6AF383461B89C10500FAFB32 /* EditAddressViewController.m */ = {isa = PBXFileReference; fileEncoding = 4; lastKnownFileType = sourcecode.c.objc; path = EditAddressViewController.m; sourceTree = "<group>"; };
		6AFDF01C1B7EE15300CC96FF /* TopProductsView.h */ = {isa = PBXFileReference; fileEncoding = 4; lastKnownFileType = sourcecode.c.h; path = TopProductsView.h; sourceTree = "<group>"; };
		6AFDF01D1B7EE15300CC96FF /* TopProductsView.m */ = {isa = PBXFileReference; fileEncoding = 4; lastKnownFileType = sourcecode.c.objc; path = TopProductsView.m; sourceTree = "<group>"; };
		6AFDF01F1B7EE98A00CC96FF /* ProductView.h */ = {isa = PBXFileReference; fileEncoding = 4; lastKnownFileType = sourcecode.c.h; path = ProductView.h; sourceTree = "<group>"; };
		6AFDF0201B7EE98A00CC96FF /* ProductView.m */ = {isa = PBXFileReference; fileEncoding = 4; lastKnownFileType = sourcecode.c.objc; path = ProductView.m; sourceTree = "<group>"; };
		6AFDF0621B7F0C3B00CC96FF /* StoreProductsModel.h */ = {isa = PBXFileReference; fileEncoding = 4; lastKnownFileType = sourcecode.c.h; path = StoreProductsModel.h; sourceTree = "<group>"; };
		6AFDF0631B7F0C3B00CC96FF /* StoreProductsModel.m */ = {isa = PBXFileReference; fileEncoding = 4; lastKnownFileType = sourcecode.c.objc; path = StoreProductsModel.m; sourceTree = "<group>"; };
		6AFDF0651B7F17C400CC96FF /* product1.png */ = {isa = PBXFileReference; lastKnownFileType = image.png; path = product1.png; sourceTree = "<group>"; };
		6AFDF0671B7F364100CC96FF /* product2.png */ = {isa = PBXFileReference; lastKnownFileType = image.png; path = product2.png; sourceTree = "<group>"; };
		6AFDF06F1B80D25800CC96FF /* MainProductCell.h */ = {isa = PBXFileReference; fileEncoding = 4; lastKnownFileType = sourcecode.c.h; path = MainProductCell.h; sourceTree = "<group>"; };
		6AFDF0701B80D25800CC96FF /* MainProductCell.m */ = {isa = PBXFileReference; fileEncoding = 4; lastKnownFileType = sourcecode.c.objc; path = MainProductCell.m; sourceTree = "<group>"; };
/* End PBXFileReference section */

/* Begin PBXFrameworksBuildPhase section */
		6AB296B01B7CAEE3002F1D16 /* Frameworks */ = {
			isa = PBXFrameworksBuildPhase;
			buildActionMask = 2147483647;
			files = (
			);
			runOnlyForDeploymentPostprocessing = 0;
		};
		6AB296C91B7CAEE3002F1D16 /* Frameworks */ = {
			isa = PBXFrameworksBuildPhase;
			buildActionMask = 2147483647;
			files = (
			);
			runOnlyForDeploymentPostprocessing = 0;
		};
/* End PBXFrameworksBuildPhase section */

/* Begin PBXGroup section */
		6A0357C61B841DD1009E893C /* MJRefresh */ = {
			isa = PBXGroup;
			children = (
				6A0357C71B841DD1009E893C /* Base */,
				6A0357D21B841DD1009E893C /* Custom */,
				6A0357E91B841DD2009E893C /* MJRefresh.bundle */,
				6A0357EA1B841DD2009E893C /* MJRefresh.h */,
				6A0357EB1B841DD2009E893C /* MJRefreshConst.h */,
				6A0357EC1B841DD2009E893C /* MJRefreshConst.m */,
				6A0357ED1B841DD2009E893C /* UIScrollView+MJExtension.h */,
				6A0357EE1B841DD2009E893C /* UIScrollView+MJExtension.m */,
				6A0357EF1B841DD2009E893C /* UIScrollView+MJRefresh.h */,
				6A0357F01B841DD2009E893C /* UIScrollView+MJRefresh.m */,
				6A0357F11B841DD2009E893C /* UIView+MJExtension.h */,
				6A0357F21B841DD2009E893C /* UIView+MJExtension.m */,
			);
			path = MJRefresh;
			sourceTree = "<group>";
		};
		6A0357C71B841DD1009E893C /* Base */ = {
			isa = PBXGroup;
			children = (
				6A0357C81B841DD1009E893C /* MJRefreshAutoFooter.h */,
				6A0357C91B841DD1009E893C /* MJRefreshAutoFooter.m */,
				6A0357CA1B841DD1009E893C /* MJRefreshBackFooter.h */,
				6A0357CB1B841DD1009E893C /* MJRefreshBackFooter.m */,
				6A0357CC1B841DD1009E893C /* MJRefreshComponent.h */,
				6A0357CD1B841DD1009E893C /* MJRefreshComponent.m */,
				6A0357CE1B841DD1009E893C /* MJRefreshFooter.h */,
				6A0357CF1B841DD1009E893C /* MJRefreshFooter.m */,
				6A0357D01B841DD1009E893C /* MJRefreshHeader.h */,
				6A0357D11B841DD1009E893C /* MJRefreshHeader.m */,
			);
			path = Base;
			sourceTree = "<group>";
		};
		6A0357D21B841DD1009E893C /* Custom */ = {
			isa = PBXGroup;
			children = (
				6A0357D31B841DD1009E893C /* Footer */,
				6A0357E21B841DD2009E893C /* Header */,
			);
			path = Custom;
			sourceTree = "<group>";
		};
		6A0357D31B841DD1009E893C /* Footer */ = {
			isa = PBXGroup;
			children = (
				6A0357D41B841DD1009E893C /* Auto */,
				6A0357DB1B841DD1009E893C /* Back */,
			);
			path = Footer;
			sourceTree = "<group>";
		};
		6A0357D41B841DD1009E893C /* Auto */ = {
			isa = PBXGroup;
			children = (
				6A0357D51B841DD1009E893C /* MJRefreshAutoGifFooter.h */,
				6A0357D61B841DD1009E893C /* MJRefreshAutoGifFooter.m */,
				6A0357D71B841DD1009E893C /* MJRefreshAutoNormalFooter.h */,
				6A0357D81B841DD1009E893C /* MJRefreshAutoNormalFooter.m */,
				6A0357D91B841DD1009E893C /* MJRefreshAutoStateFooter.h */,
				6A0357DA1B841DD1009E893C /* MJRefreshAutoStateFooter.m */,
			);
			path = Auto;
			sourceTree = "<group>";
		};
		6A0357DB1B841DD1009E893C /* Back */ = {
			isa = PBXGroup;
			children = (
				6A0357DC1B841DD1009E893C /* MJRefreshBackGifFooter.h */,
				6A0357DD1B841DD1009E893C /* MJRefreshBackGifFooter.m */,
				6A0357DE1B841DD1009E893C /* MJRefreshBackNormalFooter.h */,
				6A0357DF1B841DD2009E893C /* MJRefreshBackNormalFooter.m */,
				6A0357E01B841DD2009E893C /* MJRefreshBackStateFooter.h */,
				6A0357E11B841DD2009E893C /* MJRefreshBackStateFooter.m */,
			);
			path = Back;
			sourceTree = "<group>";
		};
		6A0357E21B841DD2009E893C /* Header */ = {
			isa = PBXGroup;
			children = (
				6A0357E31B841DD2009E893C /* MJRefreshGifHeader.h */,
				6A0357E41B841DD2009E893C /* MJRefreshGifHeader.m */,
				6A0357E51B841DD2009E893C /* MJRefreshNormalHeader.h */,
				6A0357E61B841DD2009E893C /* MJRefreshNormalHeader.m */,
				6A0357E71B841DD2009E893C /* MJRefreshStateHeader.h */,
				6A0357E81B841DD2009E893C /* MJRefreshStateHeader.m */,
			);
			path = Header;
			sourceTree = "<group>";
		};
		6A2F6A8C1B81A5DA000C882D /* Delegate */ = {
			isa = PBXGroup;
			children = (
				6A2F6A8D1B81A620000C882D /* SearchProductDelegate.h */,
				6AEE6E431B830C39000C82C1 /* MainSreachBarDelegate.h */,
				6A03585A1B849F92009E893C /* ShopBarDelegate.h */,
			);
			name = Delegate;
			sourceTree = "<group>";
		};
		6A2F6A921B81D80F000C882D /* CustomTableCell */ = {
			isa = PBXGroup;
			children = (
				6AFDF06F1B80D25800CC96FF /* MainProductCell.h */,
				6AFDF0701B80D25800CC96FF /* MainProductCell.m */,
				6A2F6A951B81D8A6000C882D /* ProductListCell.h */,
				6A2F6A961B81D8A6000C882D /* ProductListCell.m */,
				6AC7C2D51B8348FB00532559 /* ProductDetailCell.h */,
				6AC7C2D61B8348FB00532559 /* ProductDetailCell.m */,
				6A0358111B846550009E893C /* ShopCarProductCell.h */,
				6A0358121B846550009E893C /* ShopCarProductCell.m */,
				6A624C711B873CE000963DC4 /* SettlementHeadCell.h */,
				6A624C721B873CE000963DC4 /* SettlementHeadCell.m */,
				6A624C741B87436600963DC4 /* SettlementProductCell.h */,
				6A624C751B87436600963DC4 /* SettlementProductCell.m */,
				6A286B4B1B886829005512EF /* AddressViewCell.h */,
				6A286B4C1B886829005512EF /* AddressViewCell.m */,
			);
			name = CustomTableCell;
			sourceTree = "<group>";
		};
		6A2F6A931B81D82B000C882D /* CustomView */ = {
			isa = PBXGroup;
			children = (
				6A2F6A891B8197BF000C882D /* ScreeningView.h */,
				6A2F6A8A1B8197BF000C882D /* ScreeningView.m */,
				6A2F6A8E1B81B1E3000C882D /* SortView.h */,
				6A2F6A8F1B81B1E4000C882D /* SortView.m */,
				6AFDF01F1B7EE98A00CC96FF /* ProductView.h */,
				6AFDF0201B7EE98A00CC96FF /* ProductView.m */,
				6AAF5C101B81136000C7F397 /* ProductListMenuView.h */,
				6AAF5C111B81136000C7F397 /* ProductListMenuView.m */,
				6A698AC51B7E4A9500CC9707 /* MainADScrollVIew.h */,
				6A698AC61B7E4A9500CC9707 /* MainADScrollVIew.m */,
				6A698AD01B7E52D300CC9707 /* MainMeunView.h */,
				6A698AD11B7E52D300CC9707 /* MainMeunView.m */,
				6A698AD31B7ED1FD00CC9707 /* MainMenuItem.h */,
				6A698AD41B7ED1FD00CC9707 /* MainMenuItem.m */,
				6AFDF01C1B7EE15300CC96FF /* TopProductsView.h */,
				6AFDF01D1B7EE15300CC96FF /* TopProductsView.m */,
				6AC7C2D01B832CD700532559 /* ProductImagesScrollView.h */,
				6AC7C2D11B832CD700532559 /* ProductImagesScrollView.m */,
				6A0358061B843B61009E893C /* ShopBar.h */,
				6A0358071B843B61009E893C /* ShopBar.m */,
				6A0358571B8493DB009E893C /* SettlementBar.h */,
				6A0358581B8493DB009E893C /* SettlementBar.m */,
				6A4852291B84A9A900C9129C /* IconTitleButton.h */,
				6A48522A1B84A9A900C9129C /* IconTitleButton.m */,
				6A624C771B8780B800963DC4 /* SettlementConfirmView.h */,
				6A624C781B8780B800963DC4 /* SettlementConfirmView.m */,
				6A624CB31B878ABC00963DC4 /* CustomHUD.h */,
				6A624CB41B878ABC00963DC4 /* CustomHUD.m */,
				6A286B511B888105005512EF /* ShopCarButton.h */,
				6A286B521B888105005512EF /* ShopCarButton.m */,
			);
			name = CustomView;
			sourceTree = "<group>";
		};
		6A7493731B8370BE0021C85B /* icon */ = {
			isa = PBXGroup;
			children = (
				6AB296E41B7D00F9002F1D16 /* messageList.png */,
				6AB296E51B7D00F9002F1D16 /* leftBtn.png */,
				6A698AC81B7E507400CC9707 /* nongjia.png */,
				6A698AC91B7E507400CC9707 /* shuiguo.png */,
				6A698ACA1B7E507400CC9707 /* tuijian.png */,
				6A698ACB1B7E507400CC9707 /* type.png */,
			);
			name = icon;
			sourceTree = "<group>";
		};
		6A7493A41B837A0E0021C85B /* default */ = {
			isa = PBXGroup;
			children = (
				6A74939E1B83764A0021C85B /* Default-568h@2x.png */,
				6A7493961B83749A0021C85B /* default-667h@2x.png */,
				6A7493971B83749A0021C85B /* default-736h@2x.png */,
				6A7493981B83749A0021C85B /* default.png */,
				6A7493991B83749A0021C85B /* default@2x.png */,
			);
			name = default;
			sourceTree = "<group>";
		};
		6AB296AA1B7CAEE3002F1D16 = {
			isa = PBXGroup;
			children = (
				6AB296B51B7CAEE3002F1D16 /* Store */,
				6AB296CF1B7CAEE3002F1D16 /* StoreTests */,
				6AB296B41B7CAEE3002F1D16 /* Products */,
			);
			sourceTree = "<group>";
		};
		6AB296B41B7CAEE3002F1D16 /* Products */ = {
			isa = PBXGroup;
			children = (
				6AB296B31B7CAEE3002F1D16 /* Store.app */,
				6AB296CC1B7CAEE3002F1D16 /* StoreTests.xctest */,
			);
			name = Products;
			sourceTree = "<group>";
		};
		6AB296B51B7CAEE3002F1D16 /* Store */ = {
			isa = PBXGroup;
			children = (
				6A0357C61B841DD1009E893C /* MJRefresh */,
				6AB296E81B7D00FE002F1D16 /* Resouces */,
				6AEE6E3C1B82DDAF000C82C1 /* Tools */,
				6A2F6A8C1B81A5DA000C882D /* Delegate */,
				6AB296E11B7CB28E002F1D16 /* Model */,
				6AB296E01B7CB284002F1D16 /* View */,
				6AB296DF1B7CB277002F1D16 /* Controller */,
				6AB296BA1B7CAEE3002F1D16 /* AppDelegate.h */,
				6AB296BB1B7CAEE3002F1D16 /* AppDelegate.m */,
				6AB296C31B7CAEE3002F1D16 /* Images.xcassets */,
				6AB296B61B7CAEE3002F1D16 /* Supporting Files */,
			);
			path = Store;
			sourceTree = "<group>";
		};
		6AB296B61B7CAEE3002F1D16 /* Supporting Files */ = {
			isa = PBXGroup;
			children = (
				6AB296B71B7CAEE3002F1D16 /* Info.plist */,
				6AB296B81B7CAEE3002F1D16 /* main.m */,
			);
			name = "Supporting Files";
			sourceTree = "<group>";
		};
		6AB296CF1B7CAEE3002F1D16 /* StoreTests */ = {
			isa = PBXGroup;
			children = (
				6AB296D21B7CAEE3002F1D16 /* StoreTests.m */,
				6AB296D01B7CAEE3002F1D16 /* Supporting Files */,
			);
			path = StoreTests;
			sourceTree = "<group>";
		};
		6AB296D01B7CAEE3002F1D16 /* Supporting Files */ = {
			isa = PBXGroup;
			children = (
				6AB296D11B7CAEE3002F1D16 /* Info.plist */,
			);
			name = "Supporting Files";
			sourceTree = "<group>";
		};
		6AB296DF1B7CB277002F1D16 /* Controller */ = {
			isa = PBXGroup;
			children = (
				6AAF5C0D1B810CC200C7F397 /* RootViewController.h */,
				6AAF5C0E1B810CC200C7F397 /* RootViewController.m */,
				6AB296DC1B7CB26E002F1D16 /* StoreMainViewController.h */,
				6AB296DD1B7CB26E002F1D16 /* StoreMainViewController.m */,
				6AAF5C071B80F98F00C7F397 /* ProductListTableViewController.h */,
				6AAF5C081B80F98F00C7F397 /* ProductListTableViewController.m */,
				6AEE6E041B822BE0000C82C1 /* ProductDetailViewController.h */,
				6AEE6E051B822BE0000C82C1 /* ProductDetailViewController.m */,
				6A03580B1B845C70009E893C /* ShopCarViewController.h */,
				6A03580C1B845C70009E893C /* ShopCarViewController.m */,
				6A624C6E1B872ABB00963DC4 /* SettlementViewController.h */,
				6A624C6F1B872ABB00963DC4 /* SettlementViewController.m */,
				6A286B421B885FB8005512EF /* AddressViewController.h */,
				6A286B431B885FB8005512EF /* AddressViewController.m */,
				6A286B481B88627A005512EF /* DeliveryTimeViewController.h */,
				6A286B491B88627A005512EF /* DeliveryTimeViewController.m */,
				6A286B541B888711005512EF /* ProductDetailintroductionViewController.h */,
				6A286B551B888711005512EF /* ProductDetailintroductionViewController.m */,
				6A392FA01B88D78B00309EE3 /* MessageListViewController.h */,
				6A392FA11B88D78B00309EE3 /* MessageListViewController.m */,
				6AF3833F1B89ACDE00FAFB32 /* AddAddressViewController.h */,
				6AF383401B89ACDE00FAFB32 /* AddAddressViewController.m */,
				6AF383421B89B6D800FAFB32 /* SelectAddressViewController.h */,
				6AF383431B89B6D800FAFB32 /* SelectAddressViewController.m */,
				6AF383451B89C10500FAFB32 /* EditAddressViewController.h */,
				6AF383461B89C10500FAFB32 /* EditAddressViewController.m */,
			);
			name = Controller;
			sourceTree = "<group>";
		};
		6AB296E01B7CB284002F1D16 /* View */ = {
			isa = PBXGroup;
			children = (
				6A2F6A931B81D82B000C882D /* CustomView */,
				6A2F6A921B81D80F000C882D /* CustomTableCell */,
			);
			name = View;
			sourceTree = "<group>";
		};
		6AB296E11B7CB28E002F1D16 /* Model */ = {
			isa = PBXGroup;
			children = (
				6A2F6A911B81D20A000C882D /* StoreDefine.h */,
				6AFDF0621B7F0C3B00CC96FF /* StoreProductsModel.h */,
				6AFDF0631B7F0C3B00CC96FF /* StoreProductsModel.m */,
				6AEE6E401B82F7D7000C82C1 /* ProductTypes.h */,
				6AEE6E411B82F7D7000C82C1 /* ProductTypes.m */,
				6A03580E1B845D26009E893C /* ShopCarProductModel.h */,
				6A03580F1B845D26009E893C /* ShopCarProductModel.m */,
				6A286B4E1B887039005512EF /* StoreAddressModel.h */,
				6A286B4F1B887039005512EF /* StoreAddressModel.m */,
			);
			name = Model;
			sourceTree = "<group>";
		};
		6AB296E81B7D00FE002F1D16 /* Resouces */ = {
			isa = PBXGroup;
			children = (
				6A7493A41B837A0E0021C85B /* default */,
				6A7493731B8370BE0021C85B /* icon */,
				6AEE6E441B831700000C82C1 /* shopCar.png */,
				6AFDF0671B7F364100CC96FF /* product2.png */,
				6A0358091B843DDA009E893C /* productDetailshopCar.png */,
				6AFDF0651B7F17C400CC96FF /* product1.png */,
				6A698AC31B7E49BF00CC9707 /* ad.png */,
				6AAB36FF1B8812AA006DF060 /* Image.bundle */,
			);
			name = Resouces;
			sourceTree = "<group>";
		};
		6AEE6E3C1B82DDAF000C82C1 /* Tools */ = {
			isa = PBXGroup;
			children = (
				6AEE6E3D1B82DE0C000C82C1 /* ToolsOriginImage.h */,
				6AEE6E3E1B82DE0C000C82C1 /* ToolsOriginImage.m */,
			);
			name = Tools;
			sourceTree = "<group>";
		};
/* End PBXGroup section */

/* Begin PBXNativeTarget section */
		6AB296B21B7CAEE3002F1D16 /* Store */ = {
			isa = PBXNativeTarget;
			buildConfigurationList = 6AB296D61B7CAEE3002F1D16 /* Build configuration list for PBXNativeTarget "Store" */;
			buildPhases = (
				6AB296AF1B7CAEE3002F1D16 /* Sources */,
				6AB296B01B7CAEE3002F1D16 /* Frameworks */,
				6AB296B11B7CAEE3002F1D16 /* Resources */,
			);
			buildRules = (
			);
			dependencies = (
			);
			name = Store;
			productName = Store;
			productReference = 6AB296B31B7CAEE3002F1D16 /* Store.app */;
			productType = "com.apple.product-type.application";
		};
		6AB296CB1B7CAEE3002F1D16 /* StoreTests */ = {
			isa = PBXNativeTarget;
			buildConfigurationList = 6AB296D91B7CAEE3002F1D16 /* Build configuration list for PBXNativeTarget "StoreTests" */;
			buildPhases = (
				6AB296C81B7CAEE3002F1D16 /* Sources */,
				6AB296C91B7CAEE3002F1D16 /* Frameworks */,
				6AB296CA1B7CAEE3002F1D16 /* Resources */,
			);
			buildRules = (
			);
			dependencies = (
				6AB296CE1B7CAEE3002F1D16 /* PBXTargetDependency */,
			);
			name = StoreTests;
			productName = StoreTests;
			productReference = 6AB296CC1B7CAEE3002F1D16 /* StoreTests.xctest */;
			productType = "com.apple.product-type.bundle.unit-test";
		};
/* End PBXNativeTarget section */

/* Begin PBXProject section */
		6AB296AB1B7CAEE3002F1D16 /* Project object */ = {
			isa = PBXProject;
			attributes = {
				LastUpgradeCheck = 0640;
				ORGANIZATIONNAME = tangmingming;
				TargetAttributes = {
					6AB296B21B7CAEE3002F1D16 = {
						CreatedOnToolsVersion = 6.4;
					};
					6AB296CB1B7CAEE3002F1D16 = {
						CreatedOnToolsVersion = 6.4;
						TestTargetID = 6AB296B21B7CAEE3002F1D16;
					};
				};
			};
			buildConfigurationList = 6AB296AE1B7CAEE3002F1D16 /* Build configuration list for PBXProject "Store" */;
			compatibilityVersion = "Xcode 3.2";
			developmentRegion = English;
			hasScannedForEncodings = 0;
			knownRegions = (
				en,
				Base,
			);
			mainGroup = 6AB296AA1B7CAEE3002F1D16;
			productRefGroup = 6AB296B41B7CAEE3002F1D16 /* Products */;
			projectDirPath = "";
			projectRoot = "";
			targets = (
				6AB296B21B7CAEE3002F1D16 /* Store */,
				6AB296CB1B7CAEE3002F1D16 /* StoreTests */,
			);
		};
/* End PBXProject section */

/* Begin PBXResourcesBuildPhase section */
		6AB296B11B7CAEE3002F1D16 /* Resources */ = {
			isa = PBXResourcesBuildPhase;
			buildActionMask = 2147483647;
			files = (
				6A698AC41B7E49BF00CC9707 /* ad.png in Resources */,
				6AEE6E451B831700000C82C1 /* shopCar.png in Resources */,
				6A74939B1B83749A0021C85B /* default-736h@2x.png in Resources */,
				6A698ACF1B7E507400CC9707 /* type.png in Resources */,
				6A74939F1B83764A0021C85B /* Default-568h@2x.png in Resources */,
				6A698ACD1B7E507400CC9707 /* shuiguo.png in Resources */,
				6AB296E71B7D00F9002F1D16 /* leftBtn.png in Resources */,
				6A74939D1B83749A0021C85B /* default@2x.png in Resources */,
				6AB296C41B7CAEE3002F1D16 /* Images.xcassets in Resources */,
				6AAB37001B8812AA006DF060 /* Image.bundle in Resources */,
				6A698ACC1B7E507400CC9707 /* nongjia.png in Resources */,
				6A698ACE1B7E507400CC9707 /* tuijian.png in Resources */,
				6AB296E61B7D00F9002F1D16 /* messageList.png in Resources */,
				6A74939A1B83749A0021C85B /* default-667h@2x.png in Resources */,
				6AFDF0661B7F17C400CC96FF /* product1.png in Resources */,
				6A74939C1B83749A0021C85B /* default.png in Resources */,
				6A03580A1B843DDA009E893C /* productDetailshopCar.png in Resources */,
				6A0358011B841DD2009E893C /* MJRefresh.bundle in Resources */,
				6AFDF0681B7F364100CC96FF /* product2.png in Resources */,
			);
			runOnlyForDeploymentPostprocessing = 0;
		};
		6AB296CA1B7CAEE3002F1D16 /* Resources */ = {
			isa = PBXResourcesBuildPhase;
			buildActionMask = 2147483647;
			files = (
			);
			runOnlyForDeploymentPostprocessing = 0;
		};
/* End PBXResourcesBuildPhase section */

/* Begin PBXSourcesBuildPhase section */
		6AB296AF1B7CAEE3002F1D16 /* Sources */ = {
			isa = PBXSourcesBuildPhase;
			buildActionMask = 2147483647;
			files = (
				6A2F6A971B81D8A6000C882D /* ProductListCell.m in Sources */,
				6A392FA21B88D78B00309EE3 /* MessageListViewController.m in Sources */,
				6A0358031B841DD2009E893C /* UIScrollView+MJExtension.m in Sources */,
				6A0357F81B841DD2009E893C /* MJRefreshAutoGifFooter.m in Sources */,
				6A698AC71B7E4A9500CC9707 /* MainADScrollVIew.m in Sources */,
				6AEE6E3F1B82DE0C000C82C1 /* ToolsOriginImage.m in Sources */,
				6AB296BC1B7CAEE3002F1D16 /* AppDelegate.m in Sources */,
				6A0357F91B841DD2009E893C /* MJRefreshAutoNormalFooter.m in Sources */,
				6A2F6A8B1B8197BF000C882D /* ScreeningView.m in Sources */,
				6A624CB51B878ABC00963DC4 /* CustomHUD.m in Sources */,
				6AB296DE1B7CB26E002F1D16 /* StoreMainViewController.m in Sources */,
				6A286B531B888105005512EF /* ShopCarButton.m in Sources */,
				6AC7C2D71B8348FB00532559 /* ProductDetailCell.m in Sources */,
				6A0358131B846550009E893C /* ShopCarProductCell.m in Sources */,
				6A0358041B841DD2009E893C /* UIScrollView+MJRefresh.m in Sources */,
				6A0358081B843B61009E893C /* ShopBar.m in Sources */,
				6A0357FC1B841DD2009E893C /* MJRefreshBackNormalFooter.m in Sources */,
				6AF383471B89C10500FAFB32 /* EditAddressViewController.m in Sources */,
				6AEE6E061B822BE0000C82C1 /* ProductDetailViewController.m in Sources */,
				6A624C701B872ABB00963DC4 /* SettlementViewController.m in Sources */,
				6A0357F51B841DD2009E893C /* MJRefreshComponent.m in Sources */,
				6A0357FF1B841DD2009E893C /* MJRefreshNormalHeader.m in Sources */,
				6AAF5C0F1B810CC200C7F397 /* RootViewController.m in Sources */,
				6A698AD21B7E52D300CC9707 /* MainMeunView.m in Sources */,
				6A0357FB1B841DD2009E893C /* MJRefreshBackGifFooter.m in Sources */,
				6A0358591B8493DB009E893C /* SettlementBar.m in Sources */,
				6A0357F31B841DD2009E893C /* MJRefreshAutoFooter.m in Sources */,
				6A286B561B888711005512EF /* ProductDetailintroductionViewController.m in Sources */,
				6AEE6E421B82F7D7000C82C1 /* ProductTypes.m in Sources */,
				6A624C761B87436600963DC4 /* SettlementProductCell.m in Sources */,
				6A0357F41B841DD2009E893C /* MJRefreshBackFooter.m in Sources */,
				6AFDF0211B7EE98A00CC96FF /* ProductView.m in Sources */,
				6A0358051B841DD2009E893C /* UIView+MJExtension.m in Sources */,
				6AFDF0641B7F0C3B00CC96FF /* StoreProductsModel.m in Sources */,
				6AF383411B89ACDE00FAFB32 /* AddAddressViewController.m in Sources */,
				6AAF5C091B80F98F00C7F397 /* ProductListTableViewController.m in Sources */,
				6A0358101B845D26009E893C /* ShopCarProductModel.m in Sources */,
				6A0357FE1B841DD2009E893C /* MJRefreshGifHeader.m in Sources */,
				6A0357FA1B841DD2009E893C /* MJRefreshAutoStateFooter.m in Sources */,
				6AB296B91B7CAEE3002F1D16 /* main.m in Sources */,
				6A624C731B873CE000963DC4 /* SettlementHeadCell.m in Sources */,
				6AFDF01E1B7EE15300CC96FF /* TopProductsView.m in Sources */,
				6A286B4A1B88627A005512EF /* DeliveryTimeViewController.m in Sources */,
				6AC7C2D21B832CD700532559 /* ProductImagesScrollView.m in Sources */,
				6AFDF0721B80D25800CC96FF /* MainProductCell.m in Sources */,
				6A624C791B8780B800963DC4 /* SettlementConfirmView.m in Sources */,
				6A0357F71B841DD2009E893C /* MJRefreshHeader.m in Sources */,
				6A286B4D1B886829005512EF /* AddressViewCell.m in Sources */,
				6AAF5C121B81136000C7F397 /* ProductListMenuView.m in Sources */,
				6A0358001B841DD2009E893C /* MJRefreshStateHeader.m in Sources */,
				6A0357FD1B841DD2009E893C /* MJRefreshBackStateFooter.m in Sources */,
				6A286B501B887039005512EF /* StoreAddressModel.m in Sources */,
				6A0358021B841DD2009E893C /* MJRefreshConst.m in Sources */,
				6A286B441B885FB8005512EF /* AddressViewController.m in Sources */,
				6A2F6A901B81B1E4000C882D /* SortView.m in Sources */,
				6AF383441B89B6D800FAFB32 /* SelectAddressViewController.m in Sources */,
				6A48522B1B84A9A900C9129C /* IconTitleButton.m in Sources */,
				6A698AD51B7ED1FD00CC9707 /* MainMenuItem.m in Sources */,
				6A03580D1B845C70009E893C /* ShopCarViewController.m in Sources */,
				6A0357F61B841DD2009E893C /* MJRefreshFooter.m in Sources */,
			);
			runOnlyForDeploymentPostprocessing = 0;
		};
		6AB296C81B7CAEE3002F1D16 /* Sources */ = {
			isa = PBXSourcesBuildPhase;
			buildActionMask = 2147483647;
			files = (
				6AB296D31B7CAEE3002F1D16 /* StoreTests.m in Sources */,
			);
			runOnlyForDeploymentPostprocessing = 0;
		};
/* End PBXSourcesBuildPhase section */

/* Begin PBXTargetDependency section */
		6AB296CE1B7CAEE3002F1D16 /* PBXTargetDependency */ = {
			isa = PBXTargetDependency;
			target = 6AB296B21B7CAEE3002F1D16 /* Store */;
			targetProxy = 6AB296CD1B7CAEE3002F1D16 /* PBXContainerItemProxy */;
		};
/* End PBXTargetDependency section */

/* Begin XCBuildConfiguration section */
		6AB296D41B7CAEE3002F1D16 /* Debug */ = {
			isa = XCBuildConfiguration;
			buildSettings = {
				ALWAYS_SEARCH_USER_PATHS = NO;
				CLANG_CXX_LANGUAGE_STANDARD = "gnu++0x";
				CLANG_CXX_LIBRARY = "libc++";
				CLANG_ENABLE_MODULES = YES;
				CLANG_ENABLE_OBJC_ARC = YES;
				CLANG_WARN_BOOL_CONVERSION = YES;
				CLANG_WARN_CONSTANT_CONVERSION = YES;
				CLANG_WARN_DIRECT_OBJC_ISA_USAGE = YES_ERROR;
				CLANG_WARN_EMPTY_BODY = YES;
				CLANG_WARN_ENUM_CONVERSION = YES;
				CLANG_WARN_INT_CONVERSION = YES;
				CLANG_WARN_OBJC_ROOT_CLASS = YES_ERROR;
				CLANG_WARN_UNREACHABLE_CODE = YES;
				CLANG_WARN__DUPLICATE_METHOD_MATCH = YES;
				"CODE_SIGN_IDENTITY[sdk=iphoneos*]" = "iPhone Developer";
				COPY_PHASE_STRIP = NO;
				DEBUG_INFORMATION_FORMAT = "dwarf-with-dsym";
				ENABLE_STRICT_OBJC_MSGSEND = YES;
				GCC_C_LANGUAGE_STANDARD = gnu99;
				GCC_DYNAMIC_NO_PIC = NO;
				GCC_NO_COMMON_BLOCKS = YES;
				GCC_OPTIMIZATION_LEVEL = 0;
				GCC_PREPROCESSOR_DEFINITIONS = (
					"DEBUG=1",
					"$(inherited)",
				);
				GCC_SYMBOLS_PRIVATE_EXTERN = NO;
				GCC_WARN_64_TO_32_BIT_CONVERSION = YES;
				GCC_WARN_ABOUT_RETURN_TYPE = YES_ERROR;
				GCC_WARN_UNDECLARED_SELECTOR = YES;
				GCC_WARN_UNINITIALIZED_AUTOS = YES_AGGRESSIVE;
				GCC_WARN_UNUSED_FUNCTION = YES;
				GCC_WARN_UNUSED_VARIABLE = YES;
				IPHONEOS_DEPLOYMENT_TARGET = 8.4;
				MTL_ENABLE_DEBUG_INFO = YES;
				ONLY_ACTIVE_ARCH = YES;
				SDKROOT = iphoneos;
			};
			name = Debug;
		};
		6AB296D51B7CAEE3002F1D16 /* Release */ = {
			isa = XCBuildConfiguration;
			buildSettings = {
				ALWAYS_SEARCH_USER_PATHS = NO;
				CLANG_CXX_LANGUAGE_STANDARD = "gnu++0x";
				CLANG_CXX_LIBRARY = "libc++";
				CLANG_ENABLE_MODULES = YES;
				CLANG_ENABLE_OBJC_ARC = YES;
				CLANG_WARN_BOOL_CONVERSION = YES;
				CLANG_WARN_CONSTANT_CONVERSION = YES;
				CLANG_WARN_DIRECT_OBJC_ISA_USAGE = YES_ERROR;
				CLANG_WARN_EMPTY_BODY = YES;
				CLANG_WARN_ENUM_CONVERSION = YES;
				CLANG_WARN_INT_CONVERSION = YES;
				CLANG_WARN_OBJC_ROOT_CLASS = YES_ERROR;
				CLANG_WARN_UNREACHABLE_CODE = YES;
				CLANG_WARN__DUPLICATE_METHOD_MATCH = YES;
				"CODE_SIGN_IDENTITY[sdk=iphoneos*]" = "iPhone Developer";
				COPY_PHASE_STRIP = NO;
				DEBUG_INFORMATION_FORMAT = "dwarf-with-dsym";
				ENABLE_NS_ASSERTIONS = NO;
				ENABLE_STRICT_OBJC_MSGSEND = YES;
				GCC_C_LANGUAGE_STANDARD = gnu99;
				GCC_NO_COMMON_BLOCKS = YES;
				GCC_WARN_64_TO_32_BIT_CONVERSION = YES;
				GCC_WARN_ABOUT_RETURN_TYPE = YES_ERROR;
				GCC_WARN_UNDECLARED_SELECTOR = YES;
				GCC_WARN_UNINITIALIZED_AUTOS = YES_AGGRESSIVE;
				GCC_WARN_UNUSED_FUNCTION = YES;
				GCC_WARN_UNUSED_VARIABLE = YES;
				IPHONEOS_DEPLOYMENT_TARGET = 8.4;
				MTL_ENABLE_DEBUG_INFO = NO;
				SDKROOT = iphoneos;
				VALIDATE_PRODUCT = YES;
			};
			name = Release;
		};
		6AB296D71B7CAEE3002F1D16 /* Debug */ = {
			isa = XCBuildConfiguration;
			buildSettings = {
				ASSETCATALOG_COMPILER_APPICON_NAME = AppIcon;
				INFOPLIST_FILE = Store/Info.plist;
				IPHONEOS_DEPLOYMENT_TARGET = 6.0;
				LD_RUNPATH_SEARCH_PATHS = "$(inherited) @executable_path/Frameworks";
				PRODUCT_NAME = "$(TARGET_NAME)";
			};
			name = Debug;
		};
		6AB296D81B7CAEE3002F1D16 /* Release */ = {
			isa = XCBuildConfiguration;
			buildSettings = {
				ASSETCATALOG_COMPILER_APPICON_NAME = AppIcon;
				INFOPLIST_FILE = Store/Info.plist;
				IPHONEOS_DEPLOYMENT_TARGET = 6.0;
				LD_RUNPATH_SEARCH_PATHS = "$(inherited) @executable_path/Frameworks";
				PRODUCT_NAME = "$(TARGET_NAME)";
			};
			name = Release;
		};
		6AB296DA1B7CAEE3002F1D16 /* Debug */ = {
			isa = XCBuildConfiguration;
			buildSettings = {
				BUNDLE_LOADER = "$(TEST_HOST)";
				FRAMEWORK_SEARCH_PATHS = (
					"$(SDKROOT)/Developer/Library/Frameworks",
					"$(inherited)",
				);
				GCC_PREPROCESSOR_DEFINITIONS = (
					"DEBUG=1",
					"$(inherited)",
				);
				INFOPLIST_FILE = StoreTests/Info.plist;
				LD_RUNPATH_SEARCH_PATHS = "$(inherited) @executable_path/Frameworks @loader_path/Frameworks";
				PRODUCT_NAME = "$(TARGET_NAME)";
				TEST_HOST = "$(BUILT_PRODUCTS_DIR)/Store.app/Store";
			};
			name = Debug;
		};
		6AB296DB1B7CAEE3002F1D16 /* Release */ = {
			isa = XCBuildConfiguration;
			buildSettings = {
				BUNDLE_LOADER = "$(TEST_HOST)";
				FRAMEWORK_SEARCH_PATHS = (
					"$(SDKROOT)/Developer/Library/Frameworks",
					"$(inherited)",
				);
				INFOPLIST_FILE = StoreTests/Info.plist;
				LD_RUNPATH_SEARCH_PATHS = "$(inherited) @executable_path/Frameworks @loader_path/Frameworks";
				PRODUCT_NAME = "$(TARGET_NAME)";
				TEST_HOST = "$(BUILT_PRODUCTS_DIR)/Store.app/Store";
			};
			name = Release;
		};
/* End XCBuildConfiguration section */

/* Begin XCConfigurationList section */
		6AB296AE1B7CAEE3002F1D16 /* Build configuration list for PBXProject "Store" */ = {
			isa = XCConfigurationList;
			buildConfigurations = (
				6AB296D41B7CAEE3002F1D16 /* Debug */,
				6AB296D51B7CAEE3002F1D16 /* Release */,
			);
			defaultConfigurationIsVisible = 0;
			defaultConfigurationName = Release;
		};
		6AB296D61B7CAEE3002F1D16 /* Build configuration list for PBXNativeTarget "Store" */ = {
			isa = XCConfigurationList;
			buildConfigurations = (
				6AB296D71B7CAEE3002F1D16 /* Debug */,
				6AB296D81B7CAEE3002F1D16 /* Release */,
			);
			defaultConfigurationIsVisible = 0;
			defaultConfigurationName = Release;
		};
		6AB296D91B7CAEE3002F1D16 /* Build configuration list for PBXNativeTarget "StoreTests" */ = {
			isa = XCConfigurationList;
			buildConfigurations = (
				6AB296DA1B7CAEE3002F1D16 /* Debug */,
				6AB296DB1B7CAEE3002F1D16 /* Release */,
			);
			defaultConfigurationIsVisible = 0;
			defaultConfigurationName = Release;
		};
/* End XCConfigurationList section */
	};
	rootObject = 6AB296AB1B7CAEE3002F1D16 /* Project object */;
}
